// !$*UTF8*$!
{
	archiveVersion = 1;
	classes = {
	};
	objectVersion = 46;
	objects = {

/* Begin PBXBuildFile section */
		00CE224C5A366928A876D3F8 /* ContentHash.swift in Sources */ = {isa = PBXBuildFile; fileRef = 4F9C4E8B9414CC1771AC229C /* ContentHash.swift */; };
		00E836C05FBED8E9823B9CD1 /* BandConnection.swift in Sources */ = {isa = PBXBuildFile; fileRef = 934DB36710FAFCD4321CD71D /* BandConnection.swift */; };
		0149FD65E54E4B0DC45DEF50 /* CborLiteDecoder.swift in Sources */ = {isa = PBXBuildFile; fileRef = 0CF6F42FB1DBABA326088E8E /* CborLiteDecoder.swift */; };
		014A532044FF74D11468E652 /* PacketTypeCountsTests.swift in Sources */ = {isa = PBXBuildFile; fileRef = 087137626E5687472BA7813B /* PacketTypeCountsTests.swift */; };
		015BBAE15D6F6716776A3AF6 /* BaselineEngine.swift in Sources */ = {isa = PBXBuildFile; fileRef = 397C74FA253E75DD8583545D /* BaselineEngine.swift */; };
		0175E1B28F4AF1C1981EC463 /* InsightsView.swift in Sources */ = {isa = PBXBuildFile; fileRef = 0A964427CB89D8500E807583 /* InsightsView.swift */; };
		061F9CEA41E9BF8ABC7CEA8E /* KeychainStore.swift in Sources */ = {isa = PBXBuildFile; fileRef = 3B2CA1A1C53A6B698F74FCC1 /* KeychainStore.swift */; };
		0F3BBAD81D9916A5D2DB52C8 /* FramingTests.swift in Sources */ = {isa = PBXBuildFile; fileRef = 28FB66BF80D255DF33C4456F /* FramingTests.swift */; };
		182DDB7DD52A28284449973B /* StatsTests.swift in Sources */ = {isa = PBXBuildFile; fileRef = 2F0D4738195E6A3E4F0DE39D /* StatsTests.swift */; };
		1C9E9FB174B6010E7A6F9485 /* R10Decoder.swift in Sources */ = {isa = PBXBuildFile; fileRef = 0E55F7E0C5168502B164B451 /* R10Decoder.swift */; };
		22AF75030FC22D6F75104FE7 /* RealtimeHRDecoder.swift in Sources */ = {isa = PBXBuildFile; fileRef = 5292826EBAD5A7BE1C089955 /* RealtimeHRDecoder.swift */; };
		2538A144DD3CFD77D6D9075B /* RealtimeHRDecoderTests.swift in Sources */ = {isa = PBXBuildFile; fileRef = 6E4D036B64B2A075F3BE1B7F /* RealtimeHRDecoderTests.swift */; };
		2601950F9749A4BB2F7B625B /* ChunkCodecTests.swift in Sources */ = {isa = PBXBuildFile; fileRef = 32A12B608DC906EC88733513 /* ChunkCodecTests.swift */; };
		286944FC8D0CAF171A263625 /* GRDB in Frameworks */ = {isa = PBXBuildFile; productRef = BEFC5B8BB2DD391069AB9AFF /* GRDB */; };
		2CA993FB915EAA1E0F35D7F4 /* Migrator.swift in Sources */ = {isa = PBXBuildFile; fileRef = C8653505101EF8249C38D470 /* Migrator.swift */; };
		30A3B50D2CD52D25A87B7AA5 /* R10DecoderTests.swift in Sources */ = {isa = PBXBuildFile; fileRef = 89CC850DF58E627826A3D557 /* R10DecoderTests.swift */; };
		32D1BDEBDB19FEB19FABE28C /* RateLimiterTests.swift in Sources */ = {isa = PBXBuildFile; fileRef = 62032B30338FA843B421C4BF /* RateLimiterTests.swift */; };
		3641A3D1E4B1FFCAF7691FF7 /* OpcodeAllowlistTests.swift in Sources */ = {isa = PBXBuildFile; fileRef = 533CAE0A8885198F76E9B28D /* OpcodeAllowlistTests.swift */; };
		38208BAB227205F9C8D2AFD0 /* ExporterTests.swift in Sources */ = {isa = PBXBuildFile; fileRef = E08212AED0D52E83D51FED39 /* ExporterTests.swift */; };
		384DDF283CD2387796A812D3 /* TodayView.swift in Sources */ = {isa = PBXBuildFile; fileRef = 6CD52EE485F9ED91DF5232BF /* TodayView.swift */; };
		38C46C26B3DFFBD284900E22 /* cycle_page.json in Resources */ = {isa = PBXBuildFile; fileRef = 740B019E68DEB72E06AAFC17 /* cycle_page.json */; };
		38E07A3C9E11C8733778BBBC /* IngestInbox.swift in Sources */ = {isa = PBXBuildFile; fileRef = 6E45E71E9FE1FD260B6B31E2 /* IngestInbox.swift */; };
		3ED50DBC0B0A7C917C1B67AE /* BleConstants.swift in Sources */ = {isa = PBXBuildFile; fileRef = 080C9BE0C39D97CB203F4717 /* BleConstants.swift */; };
		3FACAB4FAE2320D0EB546B4F /* DeviceMetadataDecoder.swift in Sources */ = {isa = PBXBuildFile; fileRef = 7921EC83458832A9EFDAAD72 /* DeviceMetadataDecoder.swift */; };
		404D0FA9027AE5F149746F9C /* ReflexWhoopApp.swift in Sources */ = {isa = PBXBuildFile; fileRef = 269BA634DCFBD0D836C6D034 /* ReflexWhoopApp.swift */; };
		41A9216F86425AA7AD66CA41 /* CborLiteDecoderTests.swift in Sources */ = {isa = PBXBuildFile; fileRef = 10772E63B1DF8D398CC3BABA /* CborLiteDecoderTests.swift */; };
		48A74FC2A68F8480FD3D755C /* AppContainer.swift in Sources */ = {isa = PBXBuildFile; fileRef = FE37BC852CAD96A66D8244E7 /* AppContainer.swift */; };
		4D5610068753EA843D28EFBE /* RecordDAOTests.swift in Sources */ = {isa = PBXBuildFile; fileRef = 14CE2376AC42E2E7B830E2AD /* RecordDAOTests.swift */; };
		578A016FB6E507CDA48645EF /* TokenStore.swift in Sources */ = {isa = PBXBuildFile; fileRef = 21D99F0D191D4D5F10952609 /* TokenStore.swift */; };
		59E1B5D3140217C65739D65C /* BackgroundSync.swift in Sources */ = {isa = PBXBuildFile; fileRef = 969E0B9496B73FF20DA68B56 /* BackgroundSync.swift */; };
		5AA51BB5182D796908DCF2FF /* Foundation.framework in Frameworks */ = {isa = PBXBuildFile; fileRef = 7837A806E002AEB5F1955E73 /* Foundation.framework */; };
		5F792C1ABB5A728BB0E4C9F1 /* Profile.swift in Sources */ = {isa = PBXBuildFile; fileRef = D23E66291AB0C3A5B5C7D2E7 /* Profile.swift */; };
		6B26D80C250867DF8C772940 /* Workout.swift in Sources */ = {isa = PBXBuildFile; fileRef = C56B67E82A9D5AD1BE8E1F0D /* Workout.swift */; };
		6CA0CC376F84D15A08231A50 /* profile.json in Resources */ = {isa = PBXBuildFile; fileRef = 761A77E0448B461FD7C242A8 /* profile.json */; };
		71A00D677C6C2915BF1480C2 /* BleNormalizerTests.swift in Sources */ = {isa = PBXBuildFile; fileRef = 1CDD5CAB4B92A12C1AFBED0C /* BleNormalizerTests.swift */; };
		73DA298CEA31B1BF0A5B6CE9 /* AnalysisQueries.swift in Sources */ = {isa = PBXBuildFile; fileRef = 28DDD374507DD93E16C6B421 /* AnalysisQueries.swift */; };
		7EE8FC55B38C29C96DBE5CC3 /* Data+Compression.swift in Sources */ = {isa = PBXBuildFile; fileRef = 631BCEAB8F56753BDECCF805 /* Data+Compression.swift */; };
		7F40DFEF8A986C5834326A35 /* Recovery.swift in Sources */ = {isa = PBXBuildFile; fileRef = 11503AB3B0FB90B0DE09837C /* Recovery.swift */; };
		7F88F258DBC278AE29B8EECC /* ApiSyncEngine.swift in Sources */ = {isa = PBXBuildFile; fileRef = F5D419A50C8E3D2097B52111 /* ApiSyncEngine.swift */; };
		7FFF5AF5A24AAA13D72FC8ED /* Assets.xcassets in Resources */ = {isa = PBXBuildFile; fileRef = 4195735F00FA0883462C44DD /* Assets.xcassets */; };
		814AB6861D7DEA6B8E968D1D /* WhoopClient.swift in Sources */ = {isa = PBXBuildFile; fileRef = 783412F58CAB17CD2B5138E7 /* WhoopClient.swift */; };
		8555F795DCA4042E93F3EADD /* Stats.swift in Sources */ = {isa = PBXBuildFile; fileRef = 6DC1A2F8D83A13B401CD4B91 /* Stats.swift */; };
		8B0832616181727C995CDBAA /* CorrelationEngineTests.swift in Sources */ = {isa = PBXBuildFile; fileRef = 1A088FCE3E36209EED10EA47 /* CorrelationEngineTests.swift */; };
		8CE811D41D55027BE21877AC /* Foundation.framework in Frameworks */ = {isa = PBXBuildFile; fileRef = 7837A806E002AEB5F1955E73 /* Foundation.framework */; };
		905626AF3164999CD4FCA8CC /* SyncPolicy.swift in Sources */ = {isa = PBXBuildFile; fileRef = 9C52500E53B90BBC1DA0F3D6 /* SyncPolicy.swift */; };
		938F1489CA193BCC61E98582 /* ApiNormalizerTests.swift in Sources */ = {isa = PBXBuildFile; fileRef = 5F014F632054EB67BD4F8A22 /* ApiNormalizerTests.swift */; };
		96DD85AC0780213AEBD18F26 /* Exporter.swift in Sources */ = {isa = PBXBuildFile; fileRef = 5F0F86F18D17D84989865480 /* Exporter.swift */; };
		9DC0948555E1036A25C4EAE8 /* SettingsView.swift in Sources */ = {isa = PBXBuildFile; fileRef = 7E1C7D80EFC9A11458FA3B01 /* SettingsView.swift */; };
		A0EDB29DDB7AB7C354CB76D4 /* LiveView.swift in Sources */ = {isa = PBXBuildFile; fileRef = 9FFF1BB113BF9FFE76C9EBB3 /* LiveView.swift */; };
		A8DE767997D9B21D0F81ED6E /* TokenStoreTests.swift in Sources */ = {isa = PBXBuildFile; fileRef = 62D72F1E5C1EB4AB226587C0 /* TokenStoreTests.swift */; };
		A8EE861FB0324A0B3588A88C /* DataView.swift in Sources */ = {isa = PBXBuildFile; fileRef = A7BA7F264186FB5E9EE00703 /* DataView.swift */; };
		AD0F47A8F9AC2B342A17C0E5 /* OAuthConfig.swift in Sources */ = {isa = PBXBuildFile; fileRef = 65B317666310A620134A21FB /* OAuthConfig.swift */; };
		B306543DACE8BDF4AE3B798E /* DailyMetricsBuilder.swift in Sources */ = {isa = PBXBuildFile; fileRef = AC1D026EFE74777E41169056 /* DailyMetricsBuilder.swift */; };
		BAC2144541483880C54B47ED /* ChunkStore.swift in Sources */ = {isa = PBXBuildFile; fileRef = E2520312A9690A9E1F8DCEB5 /* ChunkStore.swift */; };
		BCB88F9875952F9ECBACEB13 /* DatabaseTests.swift in Sources */ = {isa = PBXBuildFile; fileRef = 62A157B40C6413E309CD8B66 /* DatabaseTests.swift */; };
		BFD8BDCB5986B0F288B38A78 /* PacketTypeCounts.swift in Sources */ = {isa = PBXBuildFile; fileRef = A0C1F581B800DBB8DC64711E /* PacketTypeCounts.swift */; };
		C0FF80758CD775E571183DBD /* ApiNormalizer.swift in Sources */ = {isa = PBXBuildFile; fileRef = F9E6AA745FBCF1F365C5DA69 /* ApiNormalizer.swift */; };
		C2A7206736C5F537AF670BAE /* AnalysisEngine.swift in Sources */ = {isa = PBXBuildFile; fileRef = E635EA6109B1C62D5EB69D4F /* AnalysisEngine.swift */; };
		C41E20514734479D1EC2D707 /* TrendsView.swift in Sources */ = {isa = PBXBuildFile; fileRef = C0FA25EA8F720C4F189C7D11 /* TrendsView.swift */; };
		C876B97D7B83D96194C3710D /* RecordDAO.swift in Sources */ = {isa = PBXBuildFile; fileRef = 55222AFD076DD6CAFAF31B91 /* RecordDAO.swift */; };
		CF333B89C9F4BC52A5FDC5CD /* ChunkStoreTests.swift in Sources */ = {isa = PBXBuildFile; fileRef = 06861B67808CC6D7587A3683 /* ChunkStoreTests.swift */; };
		D0EA5DE75293F07F8A808CC7 /* SpikeRecorder.swift in Sources */ = {isa = PBXBuildFile; fileRef = A21FB2FBCB3E23C959BD95C0 /* SpikeRecorder.swift */; };
		D1A84A38A0F111E6ED13C6B6 /* AnomalyEngine.swift in Sources */ = {isa = PBXBuildFile; fileRef = 800DB79E137C4F141C2D07B8 /* AnomalyEngine.swift */; };
		D52EF604F8C73BE583F55A34 /* RootView.swift in Sources */ = {isa = PBXBuildFile; fileRef = 99890702D1FD58ABF716594E /* RootView.swift */; };
		D54401DC0AC3E2A416FF489B /* WhoopAuth.swift in Sources */ = {isa = PBXBuildFile; fileRef = 30330A0BD9F4DC22BD9B5057 /* WhoopAuth.swift */; };
		D690C71E6E68F8C49CC387C9 /* OpcodeAllowlist.swift in Sources */ = {isa = PBXBuildFile; fileRef = C793F2C5B9EFAE62CBD2E073 /* OpcodeAllowlist.swift */; };
		DD0957A6BAF6AAD1CAE7A8A6 /* body_measurement.json in Resources */ = {isa = PBXBuildFile; fileRef = DE954B2DD0CD8BFB7D77D755 /* body_measurement.json */; };
		DD8E74540E6A661456125888 /* CorrelationEngine.swift in Sources */ = {isa = PBXBuildFile; fileRef = 2FA7CE799D99F14CA8BA0115 /* CorrelationEngine.swift */; };
		E2EEB4F4C63C6D940B70839E /* Framing.swift in Sources */ = {isa = PBXBuildFile; fileRef = 5EA2E97CFBCB5EEC93B9CA16 /* Framing.swift */; };
		E4080F299DD2775AC3C9FCF4 /* Cycle.swift in Sources */ = {isa = PBXBuildFile; fileRef = 47EE507973C1A72CFF9CA24E /* Cycle.swift */; };
		E5CA925CB7B7A15395F498FE /* workout_page.json in Resources */ = {isa = PBXBuildFile; fileRef = 0C479AD6DC615AF22620E524 /* workout_page.json */; };
		E5EC0447411D56CBB51B4B86 /* TestSupport.swift in Sources */ = {isa = PBXBuildFile; fileRef = 211AABF319660830D29A4412 /* TestSupport.swift */; };
		E9585957ED57B48205450F97 /* RateLimiter.swift in Sources */ = {isa = PBXBuildFile; fileRef = CE2FFD6147FCDE96D35D47E5 /* RateLimiter.swift */; };
		E9F044E7164537509A2F1008 /* SourceStatus.swift in Sources */ = {isa = PBXBuildFile; fileRef = 1263348811DD128E0436D2C8 /* SourceStatus.swift */; };
		EEA699C9834B0FF9E223CC1F /* Database.swift in Sources */ = {isa = PBXBuildFile; fileRef = 2603DF6AF3A2CED8B6B4D6BE /* Database.swift */; };
		F19340669691FF997E098398 /* SourceStatusTests.swift in Sources */ = {isa = PBXBuildFile; fileRef = 76B83F3474D4BB410309B402 /* SourceStatusTests.swift */; };
		F1991FAEF005A3E10336687E /* ReadinessEngine.swift in Sources */ = {isa = PBXBuildFile; fileRef = F8CE0230FCB4798B27E6FBC0 /* ReadinessEngine.swift */; };
		F6BE04C697DE9D90D2E91ED5 /* ChunkCodec.swift in Sources */ = {isa = PBXBuildFile; fileRef = 6F3F133F3F5D928767B4F9E0 /* ChunkCodec.swift */; };
		FA772017B2116B2535A7431A /* Common.swift in Sources */ = {isa = PBXBuildFile; fileRef = 9FBA40ECDDA853DF1C20147D /* Common.swift */; };
		FAD49C610158FF7D91B99CB9 /* sleep_page.json in Resources */ = {isa = PBXBuildFile; fileRef = F46A28F96EC3175CCA30E57F /* sleep_page.json */; };
		FB998321FD97C5DE1F94881D /* recovery_page.json in Resources */ = {isa = PBXBuildFile; fileRef = 08E8CEE7E454B7AC838DAD2A /* recovery_page.json */; };
		FC40862DBA7BBF7483AECDCB /* Sleep.swift in Sources */ = {isa = PBXBuildFile; fileRef = 3508F3EF20ED06BB3AAF19A0 /* Sleep.swift */; };
		FCB18111119303D885B3C1A5 /* BleNormalizer.swift in Sources */ = {isa = PBXBuildFile; fileRef = F2B2F55676C42141C2938FC6 /* BleNormalizer.swift */; };
		FF3295B8B3669D61907DADAA /* GRDB in Frameworks */ = {isa = PBXBuildFile; productRef = 9AFED929057977CE84D0E3A5 /* GRDB */; };
/* End PBXBuildFile section */

/* Begin PBXContainerItemProxy section */
		7F1BC7CB57FAD82128C24289 /* PBXContainerItemProxy */ = {
			isa = PBXContainerItemProxy;
			containerPortal = 4A6E7F11506E120314A5AFD9 /* Project object */;
			proxyType = 1;
			remoteGlobalIDString = 3F0426919A0C7A25E59EB7AE;
			remoteInfo = ReflexWhoop;
		};
/* End PBXContainerItemProxy section */

/* Begin PBXFileReference section */
		06861B67808CC6D7587A3683 /* ChunkStoreTests.swift */ = {isa = PBXFileReference; includeInIndex = 1; lastKnownFileType = sourcecode.swift; path = ChunkStoreTests.swift; sourceTree = "<group>"; };
		080C9BE0C39D97CB203F4717 /* BleConstants.swift */ = {isa = PBXFileReference; includeInIndex = 1; lastKnownFileType = sourcecode.swift; path = BleConstants.swift; sourceTree = "<group>"; };
		087137626E5687472BA7813B /* PacketTypeCountsTests.swift */ = {isa = PBXFileReference; includeInIndex = 1; lastKnownFileType = sourcecode.swift; path = PacketTypeCountsTests.swift; sourceTree = "<group>"; };
		08E8CEE7E454B7AC838DAD2A /* recovery_page.json */ = {isa = PBXFileReference; includeInIndex = 1; path = recovery_page.json; sourceTree = "<group>"; };
		0A964427CB89D8500E807583 /* InsightsView.swift */ = {isa = PBXFileReference; includeInIndex = 1; lastKnownFileType = sourcecode.swift; path = InsightsView.swift; sourceTree = "<group>"; };
		0C479AD6DC615AF22620E524 /* workout_page.json */ = {isa = PBXFileReference; includeInIndex = 1; path = workout_page.json; sourceTree = "<group>"; };
		0CF6F42FB1DBABA326088E8E /* CborLiteDecoder.swift */ = {isa = PBXFileReference; includeInIndex = 1; lastKnownFileType = sourcecode.swift; path = CborLiteDecoder.swift; sourceTree = "<group>"; };
		0E55F7E0C5168502B164B451 /* R10Decoder.swift */ = {isa = PBXFileReference; includeInIndex = 1; lastKnownFileType = sourcecode.swift; path = R10Decoder.swift; sourceTree = "<group>"; };
		10772E63B1DF8D398CC3BABA /* CborLiteDecoderTests.swift */ = {isa = PBXFileReference; includeInIndex = 1; lastKnownFileType = sourcecode.swift; path = CborLiteDecoderTests.swift; sourceTree = "<group>"; };
		11503AB3B0FB90B0DE09837C /* Recovery.swift */ = {isa = PBXFileReference; includeInIndex = 1; lastKnownFileType = sourcecode.swift; path = Recovery.swift; sourceTree = "<group>"; };
		1263348811DD128E0436D2C8 /* SourceStatus.swift */ = {isa = PBXFileReference; includeInIndex = 1; lastKnownFileType = sourcecode.swift; path = SourceStatus.swift; sourceTree = "<group>"; };
		14CE2376AC42E2E7B830E2AD /* RecordDAOTests.swift */ = {isa = PBXFileReference; includeInIndex = 1; lastKnownFileType = sourcecode.swift; path = RecordDAOTests.swift; sourceTree = "<group>"; };
		1A088FCE3E36209EED10EA47 /* CorrelationEngineTests.swift */ = {isa = PBXFileReference; includeInIndex = 1; lastKnownFileType = sourcecode.swift; path = CorrelationEngineTests.swift; sourceTree = "<group>"; };
		1CDD5CAB4B92A12C1AFBED0C /* BleNormalizerTests.swift */ = {isa = PBXFileReference; includeInIndex = 1; lastKnownFileType = sourcecode.swift; path = BleNormalizerTests.swift; sourceTree = "<group>"; };
		211AABF319660830D29A4412 /* TestSupport.swift */ = {isa = PBXFileReference; includeInIndex = 1; lastKnownFileType = sourcecode.swift; path = TestSupport.swift; sourceTree = "<group>"; };
		21D99F0D191D4D5F10952609 /* TokenStore.swift */ = {isa = PBXFileReference; includeInIndex = 1; lastKnownFileType = sourcecode.swift; path = TokenStore.swift; sourceTree = "<group>"; };
		2603DF6AF3A2CED8B6B4D6BE /* Database.swift */ = {isa = PBXFileReference; includeInIndex = 1; lastKnownFileType = sourcecode.swift; path = Database.swift; sourceTree = "<group>"; };
		269BA634DCFBD0D836C6D034 /* ReflexWhoopApp.swift */ = {isa = PBXFileReference; includeInIndex = 1; lastKnownFileType = sourcecode.swift; path = ReflexWhoopApp.swift; sourceTree = "<group>"; };
		28DDD374507DD93E16C6B421 /* AnalysisQueries.swift */ = {isa = PBXFileReference; includeInIndex = 1; lastKnownFileType = sourcecode.swift; path = AnalysisQueries.swift; sourceTree = "<group>"; };
		28FB66BF80D255DF33C4456F /* FramingTests.swift */ = {isa = PBXFileReference; includeInIndex = 1; lastKnownFileType = sourcecode.swift; path = FramingTests.swift; sourceTree = "<group>"; };
		2CE473A05F6D92262572B85A /* Info.plist */ = {isa = PBXFileReference; includeInIndex = 1; lastKnownFileType = text.plist.xml; path = Info.plist; sourceTree = "<group>"; };
		2F0D4738195E6A3E4F0DE39D /* StatsTests.swift */ = {isa = PBXFileReference; includeInIndex = 1; lastKnownFileType = sourcecode.swift; path = StatsTests.swift; sourceTree = "<group>"; };
		2FA7CE799D99F14CA8BA0115 /* CorrelationEngine.swift */ = {isa = PBXFileReference; includeInIndex = 1; lastKnownFileType = sourcecode.swift; path = CorrelationEngine.swift; sourceTree = "<group>"; };
		30330A0BD9F4DC22BD9B5057 /* WhoopAuth.swift */ = {isa = PBXFileReference; includeInIndex = 1; lastKnownFileType = sourcecode.swift; path = WhoopAuth.swift; sourceTree = "<group>"; };
		32A12B608DC906EC88733513 /* ChunkCodecTests.swift */ = {isa = PBXFileReference; includeInIndex = 1; lastKnownFileType = sourcecode.swift; path = ChunkCodecTests.swift; sourceTree = "<group>"; };
		3508F3EF20ED06BB3AAF19A0 /* Sleep.swift */ = {isa = PBXFileReference; includeInIndex = 1; lastKnownFileType = sourcecode.swift; path = Sleep.swift; sourceTree = "<group>"; };
		397C74FA253E75DD8583545D /* BaselineEngine.swift */ = {isa = PBXFileReference; includeInIndex = 1; lastKnownFileType = sourcecode.swift; path = BaselineEngine.swift; sourceTree = "<group>"; };
		3B2CA1A1C53A6B698F74FCC1 /* KeychainStore.swift */ = {isa = PBXFileReference; includeInIndex = 1; lastKnownFileType = sourcecode.swift; path = KeychainStore.swift; sourceTree = "<group>"; };
		4195735F00FA0883462C44DD /* Assets.xcassets */ = {isa = PBXFileReference; includeInIndex = 1; lastKnownFileType = folder.assetcatalog; path = Assets.xcassets; sourceTree = "<group>"; };
		47EE507973C1A72CFF9CA24E /* Cycle.swift */ = {isa = PBXFileReference; includeInIndex = 1; lastKnownFileType = sourcecode.swift; path = Cycle.swift; sourceTree = "<group>"; };
		4F9C4E8B9414CC1771AC229C /* ContentHash.swift */ = {isa = PBXFileReference; includeInIndex = 1; lastKnownFileType = sourcecode.swift; path = ContentHash.swift; sourceTree = "<group>"; };
		5292826EBAD5A7BE1C089955 /* RealtimeHRDecoder.swift */ = {isa = PBXFileReference; includeInIndex = 1; lastKnownFileType = sourcecode.swift; path = RealtimeHRDecoder.swift; sourceTree = "<group>"; };
		533CAE0A8885198F76E9B28D /* OpcodeAllowlistTests.swift */ = {isa = PBXFileReference; includeInIndex = 1; lastKnownFileType = sourcecode.swift; path = OpcodeAllowlistTests.swift; sourceTree = "<group>"; };
		55222AFD076DD6CAFAF31B91 /* RecordDAO.swift */ = {isa = PBXFileReference; includeInIndex = 1; lastKnownFileType = sourcecode.swift; path = RecordDAO.swift; sourceTree = "<group>"; };
		5EA2E97CFBCB5EEC93B9CA16 /* Framing.swift */ = {isa = PBXFileReference; includeInIndex = 1; lastKnownFileType = sourcecode.swift; path = Framing.swift; sourceTree = "<group>"; };
		5F014F632054EB67BD4F8A22 /* ApiNormalizerTests.swift */ = {isa = PBXFileReference; includeInIndex = 1; lastKnownFileType = sourcecode.swift; path = ApiNormalizerTests.swift; sourceTree = "<group>"; };
		5F0F86F18D17D84989865480 /* Exporter.swift */ = {isa = PBXFileReference; includeInIndex = 1; lastKnownFileType = sourcecode.swift; path = Exporter.swift; sourceTree = "<group>"; };
		62032B30338FA843B421C4BF /* RateLimiterTests.swift */ = {isa = PBXFileReference; includeInIndex = 1; lastKnownFileType = sourcecode.swift; path = RateLimiterTests.swift; sourceTree = "<group>"; };
		62A157B40C6413E309CD8B66 /* DatabaseTests.swift */ = {isa = PBXFileReference; includeInIndex = 1; lastKnownFileType = sourcecode.swift; path = DatabaseTests.swift; sourceTree = "<group>"; };
		62D72F1E5C1EB4AB226587C0 /* TokenStoreTests.swift */ = {isa = PBXFileReference; includeInIndex = 1; lastKnownFileType = sourcecode.swift; path = TokenStoreTests.swift; sourceTree = "<group>"; };
		631BCEAB8F56753BDECCF805 /* Data+Compression.swift */ = {isa = PBXFileReference; includeInIndex = 1; lastKnownFileType = sourcecode.swift; path = "Data+Compression.swift"; sourceTree = "<group>"; };
		65B317666310A620134A21FB /* OAuthConfig.swift */ = {isa = PBXFileReference; includeInIndex = 1; lastKnownFileType = sourcecode.swift; path = OAuthConfig.swift; sourceTree = "<group>"; };
		6CD52EE485F9ED91DF5232BF /* TodayView.swift */ = {isa = PBXFileReference; includeInIndex = 1; lastKnownFileType = sourcecode.swift; path = TodayView.swift; sourceTree = "<group>"; };
		6DC1A2F8D83A13B401CD4B91 /* Stats.swift */ = {isa = PBXFileReference; includeInIndex = 1; lastKnownFileType = sourcecode.swift; path = Stats.swift; sourceTree = "<group>"; };
		6E45E71E9FE1FD260B6B31E2 /* IngestInbox.swift */ = {isa = PBXFileReference; includeInIndex = 1; lastKnownFileType = sourcecode.swift; path = IngestInbox.swift; sourceTree = "<group>"; };
		6E4D036B64B2A075F3BE1B7F /* RealtimeHRDecoderTests.swift */ = {isa = PBXFileReference; includeInIndex = 1; lastKnownFileType = sourcecode.swift; path = RealtimeHRDecoderTests.swift; sourceTree = "<group>"; };
		6F3F133F3F5D928767B4F9E0 /* ChunkCodec.swift */ = {isa = PBXFileReference; includeInIndex = 1; lastKnownFileType = sourcecode.swift; path = ChunkCodec.swift; sourceTree = "<group>"; };
		740B019E68DEB72E06AAFC17 /* cycle_page.json */ = {isa = PBXFileReference; includeInIndex = 1; path = cycle_page.json; sourceTree = "<group>"; };
		761A77E0448B461FD7C242A8 /* profile.json */ = {isa = PBXFileReference; includeInIndex = 1; path = profile.json; sourceTree = "<group>"; };
		76B83F3474D4BB410309B402 /* SourceStatusTests.swift */ = {isa = PBXFileReference; includeInIndex = 1; lastKnownFileType = sourcecode.swift; path = SourceStatusTests.swift; sourceTree = "<group>"; };
		783412F58CAB17CD2B5138E7 /* WhoopClient.swift */ = {isa = PBXFileReference; includeInIndex = 1; lastKnownFileType = sourcecode.swift; path = WhoopClient.swift; sourceTree = "<group>"; };
		7837A806E002AEB5F1955E73 /* Foundation.framework */ = {isa = PBXFileReference; lastKnownFileType = wrapper.framework; name = Foundation.framework; path = Platforms/iPhoneOS.platform/Developer/SDKs/iPhoneOS26.0.sdk/System/Library/Frameworks/Foundation.framework; sourceTree = DEVELOPER_DIR; };
		7921EC83458832A9EFDAAD72 /* DeviceMetadataDecoder.swift */ = {isa = PBXFileReference; includeInIndex = 1; lastKnownFileType = sourcecode.swift; path = DeviceMetadataDecoder.swift; sourceTree = "<group>"; };
		7E1C7D80EFC9A11458FA3B01 /* SettingsView.swift */ = {isa = PBXFileReference; includeInIndex = 1; lastKnownFileType = sourcecode.swift; path = SettingsView.swift; sourceTree = "<group>"; };
		800DB79E137C4F141C2D07B8 /* AnomalyEngine.swift */ = {isa = PBXFileReference; includeInIndex = 1; lastKnownFileType = sourcecode.swift; path = AnomalyEngine.swift; sourceTree = "<group>"; };
		89CC850DF58E627826A3D557 /* R10DecoderTests.swift */ = {isa = PBXFileReference; includeInIndex = 1; lastKnownFileType = sourcecode.swift; path = R10DecoderTests.swift; sourceTree = "<group>"; };
		934DB36710FAFCD4321CD71D /* BandConnection.swift */ = {isa = PBXFileReference; includeInIndex = 1; lastKnownFileType = sourcecode.swift; path = BandConnection.swift; sourceTree = "<group>"; };
		969E0B9496B73FF20DA68B56 /* BackgroundSync.swift */ = {isa = PBXFileReference; includeInIndex = 1; lastKnownFileType = sourcecode.swift; path = BackgroundSync.swift; sourceTree = "<group>"; };
		99890702D1FD58ABF716594E /* RootView.swift */ = {isa = PBXFileReference; includeInIndex = 1; lastKnownFileType = sourcecode.swift; path = RootView.swift; sourceTree = "<group>"; };
		9C52500E53B90BBC1DA0F3D6 /* SyncPolicy.swift */ = {isa = PBXFileReference; includeInIndex = 1; lastKnownFileType = sourcecode.swift; path = SyncPolicy.swift; sourceTree = "<group>"; };
		9FBA40ECDDA853DF1C20147D /* Common.swift */ = {isa = PBXFileReference; includeInIndex = 1; lastKnownFileType = sourcecode.swift; path = Common.swift; sourceTree = "<group>"; };
		9FFF1BB113BF9FFE76C9EBB3 /* LiveView.swift */ = {isa = PBXFileReference; includeInIndex = 1; lastKnownFileType = sourcecode.swift; path = LiveView.swift; sourceTree = "<group>"; };
		A0C1F581B800DBB8DC64711E /* PacketTypeCounts.swift */ = {isa = PBXFileReference; includeInIndex = 1; lastKnownFileType = sourcecode.swift; path = PacketTypeCounts.swift; sourceTree = "<group>"; };
		A21FB2FBCB3E23C959BD95C0 /* SpikeRecorder.swift */ = {isa = PBXFileReference; includeInIndex = 1; lastKnownFileType = sourcecode.swift; path = SpikeRecorder.swift; sourceTree = "<group>"; };
		A7BA7F264186FB5E9EE00703 /* DataView.swift */ = {isa = PBXFileReference; includeInIndex = 1; lastKnownFileType = sourcecode.swift; path = DataView.swift; sourceTree = "<group>"; };
		AC1D026EFE74777E41169056 /* DailyMetricsBuilder.swift */ = {isa = PBXFileReference; includeInIndex = 1; lastKnownFileType = sourcecode.swift; path = DailyMetricsBuilder.swift; sourceTree = "<group>"; };
		B7F2BB749D978916B1B62BC7 /* ReflexWhoop.app */ = {isa = PBXFileReference; explicitFileType = wrapper.application; includeInIndex = 0; path = ReflexWhoop.app; sourceTree = BUILT_PRODUCTS_DIR; };
		C0FA25EA8F720C4F189C7D11 /* TrendsView.swift */ = {isa = PBXFileReference; includeInIndex = 1; lastKnownFileType = sourcecode.swift; path = TrendsView.swift; sourceTree = "<group>"; };
		C56B67E82A9D5AD1BE8E1F0D /* Workout.swift */ = {isa = PBXFileReference; includeInIndex = 1; lastKnownFileType = sourcecode.swift; path = Workout.swift; sourceTree = "<group>"; };
		C793F2C5B9EFAE62CBD2E073 /* OpcodeAllowlist.swift */ = {isa = PBXFileReference; includeInIndex = 1; lastKnownFileType = sourcecode.swift; path = OpcodeAllowlist.swift; sourceTree = "<group>"; };
		C8653505101EF8249C38D470 /* Migrator.swift */ = {isa = PBXFileReference; includeInIndex = 1; lastKnownFileType = sourcecode.swift; path = Migrator.swift; sourceTree = "<group>"; };
		CAE836F2646AD882F0CD8E6F /* ReflexWhoopTests.xctest */ = {isa = PBXFileReference; explicitFileType = wrapper.cfbundle; includeInIndex = 0; path = ReflexWhoopTests.xctest; sourceTree = BUILT_PRODUCTS_DIR; };
		CE2FFD6147FCDE96D35D47E5 /* RateLimiter.swift */ = {isa = PBXFileReference; includeInIndex = 1; lastKnownFileType = sourcecode.swift; path = RateLimiter.swift; sourceTree = "<group>"; };
		D23E66291AB0C3A5B5C7D2E7 /* Profile.swift */ = {isa = PBXFileReference; includeInIndex = 1; lastKnownFileType = sourcecode.swift; path = Profile.swift; sourceTree = "<group>"; };
		DE954B2DD0CD8BFB7D77D755 /* body_measurement.json */ = {isa = PBXFileReference; includeInIndex = 1; path = body_measurement.json; sourceTree = "<group>"; };
		E08212AED0D52E83D51FED39 /* ExporterTests.swift */ = {isa = PBXFileReference; includeInIndex = 1; lastKnownFileType = sourcecode.swift; path = ExporterTests.swift; sourceTree = "<group>"; };
		E2520312A9690A9E1F8DCEB5 /* ChunkStore.swift */ = {isa = PBXFileReference; includeInIndex = 1; lastKnownFileType = sourcecode.swift; path = ChunkStore.swift; sourceTree = "<group>"; };
		E635EA6109B1C62D5EB69D4F /* AnalysisEngine.swift */ = {isa = PBXFileReference; includeInIndex = 1; lastKnownFileType = sourcecode.swift; path = AnalysisEngine.swift; sourceTree = "<group>"; };
		F2B2F55676C42141C2938FC6 /* BleNormalizer.swift */ = {isa = PBXFileReference; includeInIndex = 1; lastKnownFileType = sourcecode.swift; path = BleNormalizer.swift; sourceTree = "<group>"; };
		F46A28F96EC3175CCA30E57F /* sleep_page.json */ = {isa = PBXFileReference; includeInIndex = 1; path = sleep_page.json; sourceTree = "<group>"; };
		F5D419A50C8E3D2097B52111 /* ApiSyncEngine.swift */ = {isa = PBXFileReference; includeInIndex = 1; lastKnownFileType = sourcecode.swift; path = ApiSyncEngine.swift; sourceTree = "<group>"; };
		F8CE0230FCB4798B27E6FBC0 /* ReadinessEngine.swift */ = {isa = PBXFileReference; includeInIndex = 1; lastKnownFileType = sourcecode.swift; path = ReadinessEngine.swift; sourceTree = "<group>"; };
		F9E6AA745FBCF1F365C5DA69 /* ApiNormalizer.swift */ = {isa = PBXFileReference; includeInIndex = 1; lastKnownFileType = sourcecode.swift; path = ApiNormalizer.swift; sourceTree = "<group>"; };
		FE37BC852CAD96A66D8244E7 /* AppContainer.swift */ = {isa = PBXFileReference; includeInIndex = 1; lastKnownFileType = sourcecode.swift; path = AppContainer.swift; sourceTree = "<group>"; };
/* End PBXFileReference section */

/* Begin PBXFrameworksBuildPhase section */
		2CCC45F25799F09512CDFD9D /* Frameworks */ = {
			isa = PBXFrameworksBuildPhase;
			buildActionMask = 2147483647;
			files = (
				5AA51BB5182D796908DCF2FF /* Foundation.framework in Frameworks */,
				286944FC8D0CAF171A263625 /* GRDB in Frameworks */,
			);
			runOnlyForDeploymentPostprocessing = 0;
		};
		C57193F0A326920428AB70E2 /* Frameworks */ = {
			isa = PBXFrameworksBuildPhase;
			buildActionMask = 2147483647;
			files = (
				8CE811D41D55027BE21877AC /* Foundation.framework in Frameworks */,
				FF3295B8B3669D61907DADAA /* GRDB in Frameworks */,
			);
			runOnlyForDeploymentPostprocessing = 0;
		};
/* End PBXFrameworksBuildPhase section */

/* Begin PBXGroup section */
		0347B5ED5BD197C1E4C0102F /* Charts */ = {
			isa = PBXGroup;
			children = (
			);
			name = Charts;
			path = Charts;
			sourceTree = "<group>";
		};
		0495B328D33A6F676BF71762 /* ReflexWhoop */ = {
			isa = PBXGroup;
			children = (
				1FEEE0E3166F7388AA7EC304 /* Analysis */,
				DC26D6EDF9E4E5FC0FC49D92 /* Api */,
				89C179032EDEDEEC4BF45143 /* App */,
				0A141EB07ACB0A524EEB3750 /* Auth */,
				EE43B4CA0B0FF786E4C33728 /* Ble */,
				714EDA34112AE9A210ABB7D8 /* Export */,
				2CE473A05F6D92262572B85A /* Info.plist */,
				435C191ADEC1B353F52C1E32 /* Ingest */,
				B2469B34883502236331434B /* Resources */,
				ADD16D9412517B6B2E97CB44 /* Store */,
				C2CD340F3C6B7769D4DE35CA /* Sync */,
				F7218C11FBA6D67EE7FD4C76 /* UI */,
			);
			name = ReflexWhoop;
			path = ReflexWhoop;
			sourceTree = "<group>";
		};
		05D451642F268B84D82D3388 /* Models */ = {
			isa = PBXGroup;
			children = (
				9FBA40ECDDA853DF1C20147D /* Common.swift */,
				47EE507973C1A72CFF9CA24E /* Cycle.swift */,
				D23E66291AB0C3A5B5C7D2E7 /* Profile.swift */,
				11503AB3B0FB90B0DE09837C /* Recovery.swift */,
				3508F3EF20ED06BB3AAF19A0 /* Sleep.swift */,
				C56B67E82A9D5AD1BE8E1F0D /* Workout.swift */,
			);
			name = Models;
			path = Models;
			sourceTree = "<group>";
		};
		0A141EB07ACB0A524EEB3750 /* Auth */ = {
			isa = PBXGroup;
			children = (
				3B2CA1A1C53A6B698F74FCC1 /* KeychainStore.swift */,
				65B317666310A620134A21FB /* OAuthConfig.swift */,
				21D99F0D191D4D5F10952609 /* TokenStore.swift */,
				30330A0BD9F4DC22BD9B5057 /* WhoopAuth.swift */,
			);
			name = Auth;
			path = Auth;
			sourceTree = "<group>";
		};
		0B266EF832BD9E34626AB253 /* ReflexWhoopTests */ = {
			isa = PBXGroup;
			children = (
				5F014F632054EB67BD4F8A22 /* ApiNormalizerTests.swift */,
				1CDD5CAB4B92A12C1AFBED0C /* BleNormalizerTests.swift */,
				10772E63B1DF8D398CC3BABA /* CborLiteDecoderTests.swift */,
				32A12B608DC906EC88733513 /* ChunkCodecTests.swift */,
				06861B67808CC6D7587A3683 /* ChunkStoreTests.swift */,
				1A088FCE3E36209EED10EA47 /* CorrelationEngineTests.swift */,
				62A157B40C6413E309CD8B66 /* DatabaseTests.swift */,
				E08212AED0D52E83D51FED39 /* ExporterTests.swift */,
				A1FEC5E54DDE0340076F3E9C /* Fixtures */,
				28FB66BF80D255DF33C4456F /* FramingTests.swift */,
				533CAE0A8885198F76E9B28D /* OpcodeAllowlistTests.swift */,
				087137626E5687472BA7813B /* PacketTypeCountsTests.swift */,
				89CC850DF58E627826A3D557 /* R10DecoderTests.swift */,
				62032B30338FA843B421C4BF /* RateLimiterTests.swift */,
				6E4D036B64B2A075F3BE1B7F /* RealtimeHRDecoderTests.swift */,
				14CE2376AC42E2E7B830E2AD /* RecordDAOTests.swift */,
				76B83F3474D4BB410309B402 /* SourceStatusTests.swift */,
				2F0D4738195E6A3E4F0DE39D /* StatsTests.swift */,
				211AABF319660830D29A4412 /* TestSupport.swift */,
				62D72F1E5C1EB4AB226587C0 /* TokenStoreTests.swift */,
			);
			name = ReflexWhoopTests;
			path = ReflexWhoopTests;
			sourceTree = "<group>";
		};
		1FEEE0E3166F7388AA7EC304 /* Analysis */ = {
			isa = PBXGroup;
			children = (
				E635EA6109B1C62D5EB69D4F /* AnalysisEngine.swift */,
				28DDD374507DD93E16C6B421 /* AnalysisQueries.swift */,
				800DB79E137C4F141C2D07B8 /* AnomalyEngine.swift */,
				397C74FA253E75DD8583545D /* BaselineEngine.swift */,
				2FA7CE799D99F14CA8BA0115 /* CorrelationEngine.swift */,
				AC1D026EFE74777E41169056 /* DailyMetricsBuilder.swift */,
				F8CE0230FCB4798B27E6FBC0 /* ReadinessEngine.swift */,
				6DC1A2F8D83A13B401CD4B91 /* Stats.swift */,
			);
			name = Analysis;
			path = Analysis;
			sourceTree = "<group>";
		};
		34E133A2026F98A743839175 /* Components */ = {
			isa = PBXGroup;
			children = (
			);
			name = Components;
			path = Components;
			sourceTree = "<group>";
		};
		435C191ADEC1B353F52C1E32 /* Ingest */ = {
			isa = PBXGroup;
			children = (
				F9E6AA745FBCF1F365C5DA69 /* ApiNormalizer.swift */,
				F2B2F55676C42141C2938FC6 /* BleNormalizer.swift */,
				4F9C4E8B9414CC1771AC229C /* ContentHash.swift */,
				6E45E71E9FE1FD260B6B31E2 /* IngestInbox.swift */,
			);
			name = Ingest;
			path = Ingest;
			sourceTree = "<group>";
		};
		4B8037067FACE408C73C0FBD /* Migrations */ = {
			isa = PBXGroup;
			children = (
				C8653505101EF8249C38D470 /* Migrator.swift */,
			);
			name = Migrations;
			path = Migrations;
			sourceTree = "<group>";
		};
		714EDA34112AE9A210ABB7D8 /* Export */ = {
			isa = PBXGroup;
			children = (
				5F0F86F18D17D84989865480 /* Exporter.swift */,
			);
			name = Export;
			path = Export;
			sourceTree = "<group>";
		};
		78DAC8FFB3CA34FC5E23C727 /* Frameworks */ = {
			isa = PBXGroup;
			children = (
				FDA7FF9EF66B375AFE4A964B /* iOS */,
			);
			name = Frameworks;
			sourceTree = "<group>";
		};
		7E46BB5834756E66EF384E0D /* TimeSeries */ = {
			isa = PBXGroup;
			children = (
				6F3F133F3F5D928767B4F9E0 /* ChunkCodec.swift */,
				E2520312A9690A9E1F8DCEB5 /* ChunkStore.swift */,
				631BCEAB8F56753BDECCF805 /* Data+Compression.swift */,
			);
			name = TimeSeries;
			path = TimeSeries;
			sourceTree = "<group>";
		};
		89C179032EDEDEEC4BF45143 /* App */ = {
			isa = PBXGroup;
			children = (
				FE37BC852CAD96A66D8244E7 /* AppContainer.swift */,
				269BA634DCFBD0D836C6D034 /* ReflexWhoopApp.swift */,
			);
			name = App;
			path = App;
			sourceTree = "<group>";
		};
		A0DE184EB9C2597CA47DA9CD /* Decoders */ = {
			isa = PBXGroup;
			children = (
				0CF6F42FB1DBABA326088E8E /* CborLiteDecoder.swift */,
				7921EC83458832A9EFDAAD72 /* DeviceMetadataDecoder.swift */,
				A0C1F581B800DBB8DC64711E /* PacketTypeCounts.swift */,
				0E55F7E0C5168502B164B451 /* R10Decoder.swift */,
				5292826EBAD5A7BE1C089955 /* RealtimeHRDecoder.swift */,
			);
			name = Decoders;
			path = Decoders;
			sourceTree = "<group>";
		};
		A1FEC5E54DDE0340076F3E9C /* Fixtures */ = {
			isa = PBXGroup;
			children = (
				DE954B2DD0CD8BFB7D77D755 /* body_measurement.json */,
				740B019E68DEB72E06AAFC17 /* cycle_page.json */,
				761A77E0448B461FD7C242A8 /* profile.json */,
				08E8CEE7E454B7AC838DAD2A /* recovery_page.json */,
				F46A28F96EC3175CCA30E57F /* sleep_page.json */,
				0C479AD6DC615AF22620E524 /* workout_page.json */,
			);
			name = Fixtures;
			path = Fixtures;
			sourceTree = "<group>";
		};
		ADD16D9412517B6B2E97CB44 /* Store */ = {
			isa = PBXGroup;
			children = (
				D9B2C35C5B7E6D2A76942E5E /* DAO */,
				2603DF6AF3A2CED8B6B4D6BE /* Database.swift */,
				4B8037067FACE408C73C0FBD /* Migrations */,
				7E46BB5834756E66EF384E0D /* TimeSeries */,
			);
			name = Store;
			path = Store;
			sourceTree = "<group>";
		};
		B2469B34883502236331434B /* Resources */ = {
			isa = PBXGroup;
			children = (
				4195735F00FA0883462C44DD /* Assets.xcassets */,
			);
			name = Resources;
			path = Resources;
			sourceTree = "<group>";
		};
		C2CD340F3C6B7769D4DE35CA /* Sync */ = {
			isa = PBXGroup;
			children = (
				F5D419A50C8E3D2097B52111 /* ApiSyncEngine.swift */,
				969E0B9496B73FF20DA68B56 /* BackgroundSync.swift */,
				1263348811DD128E0436D2C8 /* SourceStatus.swift */,
				9C52500E53B90BBC1DA0F3D6 /* SyncPolicy.swift */,
			);
			name = Sync;
			path = Sync;
			sourceTree = "<group>";
		};
		D9B2C35C5B7E6D2A76942E5E /* DAO */ = {
			isa = PBXGroup;
			children = (
				55222AFD076DD6CAFAF31B91 /* RecordDAO.swift */,
			);
			name = DAO;
			path = DAO;
			sourceTree = "<group>";
		};
		DC26D6EDF9E4E5FC0FC49D92 /* Api */ = {
			isa = PBXGroup;
			children = (
				05D451642F268B84D82D3388 /* Models */,
				CE2FFD6147FCDE96D35D47E5 /* RateLimiter.swift */,
				783412F58CAB17CD2B5138E7 /* WhoopClient.swift */,
			);
			name = Api;
			path = Api;
			sourceTree = "<group>";
		};
		E14E33E1E045B4BB4775857E = {
			isa = PBXGroup;
			children = (
				EE114FD0FCC70D07A7A92234 /* Products */,
				78DAC8FFB3CA34FC5E23C727 /* Frameworks */,
				0495B328D33A6F676BF71762 /* ReflexWhoop */,
				0B266EF832BD9E34626AB253 /* ReflexWhoopTests */,
			);
			sourceTree = "<group>";
		};
		EE114FD0FCC70D07A7A92234 /* Products */ = {
			isa = PBXGroup;
			children = (
				B7F2BB749D978916B1B62BC7 /* ReflexWhoop.app */,
				CAE836F2646AD882F0CD8E6F /* ReflexWhoopTests.xctest */,
			);
			name = Products;
			sourceTree = "<group>";
		};
		EE43B4CA0B0FF786E4C33728 /* Ble */ = {
			isa = PBXGroup;
			children = (
				934DB36710FAFCD4321CD71D /* BandConnection.swift */,
				080C9BE0C39D97CB203F4717 /* BleConstants.swift */,
				A0DE184EB9C2597CA47DA9CD /* Decoders */,
				5EA2E97CFBCB5EEC93B9CA16 /* Framing.swift */,
				C793F2C5B9EFAE62CBD2E073 /* OpcodeAllowlist.swift */,
				A21FB2FBCB3E23C959BD95C0 /* SpikeRecorder.swift */,
			);
			name = Ble;
			path = Ble;
			sourceTree = "<group>";
		};
		F7218C11FBA6D67EE7FD4C76 /* UI */ = {
			isa = PBXGroup;
			children = (
				0347B5ED5BD197C1E4C0102F /* Charts */,
				34E133A2026F98A743839175 /* Components */,
				A7BA7F264186FB5E9EE00703 /* DataView.swift */,
				0A964427CB89D8500E807583 /* InsightsView.swift */,
				9FFF1BB113BF9FFE76C9EBB3 /* LiveView.swift */,
				99890702D1FD58ABF716594E /* RootView.swift */,
				7E1C7D80EFC9A11458FA3B01 /* SettingsView.swift */,
				6CD52EE485F9ED91DF5232BF /* TodayView.swift */,
				C0FA25EA8F720C4F189C7D11 /* TrendsView.swift */,
			);
			name = UI;
			path = UI;
			sourceTree = "<group>";
		};
		FDA7FF9EF66B375AFE4A964B /* iOS */ = {
			isa = PBXGroup;
			children = (
				7837A806E002AEB5F1955E73 /* Foundation.framework */,
			);
			name = iOS;
			sourceTree = "<group>";
		};
/* End PBXGroup section */

/* Begin PBXNativeTarget section */
		264CEB0E5FB30B82EE1FC68A /* ReflexWhoopTests */ = {
			isa = PBXNativeTarget;
			buildConfigurationList = 7D5CBAC1D8CFCF7FF86CEF2C /* Build configuration list for PBXNativeTarget "ReflexWhoopTests" */;
			buildPhases = (
				C49719D8A833061744868CC0 /* Sources */,
				2CCC45F25799F09512CDFD9D /* Frameworks */,
				83BDFE4F9D4148AA3532A6AD /* Resources */,
			);
			buildRules = (
			);
			dependencies = (
				080360D71A3781342E04498B /* PBXTargetDependency */,
			);
			name = ReflexWhoopTests;
			packageProductDependencies = (
				BEFC5B8BB2DD391069AB9AFF /* GRDB */,
			);
			productName = ReflexWhoopTests;
			productReference = CAE836F2646AD882F0CD8E6F /* ReflexWhoopTests.xctest */;
			productType = "com.apple.product-type.bundle.unit-test";
		};
		3F0426919A0C7A25E59EB7AE /* ReflexWhoop */ = {
			isa = PBXNativeTarget;
			buildConfigurationList = DE589E98484CF134D986B050 /* Build configuration list for PBXNativeTarget "ReflexWhoop" */;
			buildPhases = (
				98EF70AA402AA21E358A12DE /* Sources */,
				C57193F0A326920428AB70E2 /* Frameworks */,
				30463624949013D83EE12114 /* Resources */,
			);
			buildRules = (
			);
			dependencies = (
			);
			name = ReflexWhoop;
			packageProductDependencies = (
				9AFED929057977CE84D0E3A5 /* GRDB */,
			);
			productName = ReflexWhoop;
			productReference = B7F2BB749D978916B1B62BC7 /* ReflexWhoop.app */;
			productType = "com.apple.product-type.application";
		};
/* End PBXNativeTarget section */

/* Begin PBXProject section */
		4A6E7F11506E120314A5AFD9 /* Project object */ = {
			isa = PBXProject;
			attributes = {
				LastSwiftUpdateCheck = 1600;
				LastUpgradeCheck = 1600;
			};
			buildConfigurationList = 8EA0DEACB996F729BCCB4467 /* Build configuration list for PBXProject "ReflexWhoop" */;
			compatibilityVersion = "Xcode 3.2";
			developmentRegion = en;
			hasScannedForEncodings = 0;
			knownRegions = (
				en,
				Base,
			);
			mainGroup = E14E33E1E045B4BB4775857E;
			minimizedProjectReferenceProxies = 0;
			packageReferences = (
				EC7CA1409CD1305293489705 /* XCRemoteSwiftPackageReference "GRDB.swift" */,
			);
			preferredProjectObjectVersion = 100;
			productRefGroup = EE114FD0FCC70D07A7A92234 /* Products */;
			projectDirPath = "";
			projectRoot = "";
			targets = (
				3F0426919A0C7A25E59EB7AE /* ReflexWhoop */,
				264CEB0E5FB30B82EE1FC68A /* ReflexWhoopTests */,
			);
		};
/* End PBXProject section */

/* Begin PBXResourcesBuildPhase section */
		30463624949013D83EE12114 /* Resources */ = {
			isa = PBXResourcesBuildPhase;
			buildActionMask = 2147483647;
			files = (
				7FFF5AF5A24AAA13D72FC8ED /* Assets.xcassets in Resources */,
			);
			runOnlyForDeploymentPostprocessing = 0;
		};
		83BDFE4F9D4148AA3532A6AD /* Resources */ = {
			isa = PBXResourcesBuildPhase;
			buildActionMask = 2147483647;
			files = (
				DD0957A6BAF6AAD1CAE7A8A6 /* body_measurement.json in Resources */,
				38C46C26B3DFFBD284900E22 /* cycle_page.json in Resources */,
				6CA0CC376F84D15A08231A50 /* profile.json in Resources */,
				FB998321FD97C5DE1F94881D /* recovery_page.json in Resources */,
				FAD49C610158FF7D91B99CB9 /* sleep_page.json in Resources */,
				E5CA925CB7B7A15395F498FE /* workout_page.json in Resources */,
			);
			runOnlyForDeploymentPostprocessing = 0;
		};
/* End PBXResourcesBuildPhase section */

/* Begin PBXSourcesBuildPhase section */
		98EF70AA402AA21E358A12DE /* Sources */ = {
			isa = PBXSourcesBuildPhase;
			buildActionMask = 2147483647;
			files = (
				C2A7206736C5F537AF670BAE /* AnalysisEngine.swift in Sources */,
				73DA298CEA31B1BF0A5B6CE9 /* AnalysisQueries.swift in Sources */,
				D1A84A38A0F111E6ED13C6B6 /* AnomalyEngine.swift in Sources */,
				015BBAE15D6F6716776A3AF6 /* BaselineEngine.swift in Sources */,
				DD8E74540E6A661456125888 /* CorrelationEngine.swift in Sources */,
				B306543DACE8BDF4AE3B798E /* DailyMetricsBuilder.swift in Sources */,
				F1991FAEF005A3E10336687E /* ReadinessEngine.swift in Sources */,
				8555F795DCA4042E93F3EADD /* Stats.swift in Sources */,
				FA772017B2116B2535A7431A /* Common.swift in Sources */,
				E4080F299DD2775AC3C9FCF4 /* Cycle.swift in Sources */,
				5F792C1ABB5A728BB0E4C9F1 /* Profile.swift in Sources */,
				7F40DFEF8A986C5834326A35 /* Recovery.swift in Sources */,
				FC40862DBA7BBF7483AECDCB /* Sleep.swift in Sources */,
				6B26D80C250867DF8C772940 /* Workout.swift in Sources */,
				E9585957ED57B48205450F97 /* RateLimiter.swift in Sources */,
				814AB6861D7DEA6B8E968D1D /* WhoopClient.swift in Sources */,
				48A74FC2A68F8480FD3D755C /* AppContainer.swift in Sources */,
				404D0FA9027AE5F149746F9C /* ReflexWhoopApp.swift in Sources */,
				061F9CEA41E9BF8ABC7CEA8E /* KeychainStore.swift in Sources */,
				AD0F47A8F9AC2B342A17C0E5 /* OAuthConfig.swift in Sources */,
				578A016FB6E507CDA48645EF /* TokenStore.swift in Sources */,
				D54401DC0AC3E2A416FF489B /* WhoopAuth.swift in Sources */,
				00E836C05FBED8E9823B9CD1 /* BandConnection.swift in Sources */,
				3ED50DBC0B0A7C917C1B67AE /* BleConstants.swift in Sources */,
				0149FD65E54E4B0DC45DEF50 /* CborLiteDecoder.swift in Sources */,
				3FACAB4FAE2320D0EB546B4F /* DeviceMetadataDecoder.swift in Sources */,
				BFD8BDCB5986B0F288B38A78 /* PacketTypeCounts.swift in Sources */,
				1C9E9FB174B6010E7A6F9485 /* R10Decoder.swift in Sources */,
				22AF75030FC22D6F75104FE7 /* RealtimeHRDecoder.swift in Sources */,
				E2EEB4F4C63C6D940B70839E /* Framing.swift in Sources */,
				D690C71E6E68F8C49CC387C9 /* OpcodeAllowlist.swift in Sources */,
				D0EA5DE75293F07F8A808CC7 /* SpikeRecorder.swift in Sources */,
				96DD85AC0780213AEBD18F26 /* Exporter.swift in Sources */,
				C0FF80758CD775E571183DBD /* ApiNormalizer.swift in Sources */,
				FCB18111119303D885B3C1A5 /* BleNormalizer.swift in Sources */,
				00CE224C5A366928A876D3F8 /* ContentHash.swift in Sources */,
				38E07A3C9E11C8733778BBBC /* IngestInbox.swift in Sources */,
				C876B97D7B83D96194C3710D /* RecordDAO.swift in Sources */,
				EEA699C9834B0FF9E223CC1F /* Database.swift in Sources */,
				2CA993FB915EAA1E0F35D7F4 /* Migrator.swift in Sources */,
				F6BE04C697DE9D90D2E91ED5 /* ChunkCodec.swift in Sources */,
				BAC2144541483880C54B47ED /* ChunkStore.swift in Sources */,
				7EE8FC55B38C29C96DBE5CC3 /* Data+Compression.swift in Sources */,
				7F88F258DBC278AE29B8EECC /* ApiSyncEngine.swift in Sources */,
				59E1B5D3140217C65739D65C /* BackgroundSync.swift in Sources */,
				E9F044E7164537509A2F1008 /* SourceStatus.swift in Sources */,
				905626AF3164999CD4FCA8CC /* SyncPolicy.swift in Sources */,
				A8EE861FB0324A0B3588A88C /* DataView.swift in Sources */,
				0175E1B28F4AF1C1981EC463 /* InsightsView.swift in Sources */,
				A0EDB29DDB7AB7C354CB76D4 /* LiveView.swift in Sources */,
				D52EF604F8C73BE583F55A34 /* RootView.swift in Sources */,
				9DC0948555E1036A25C4EAE8 /* SettingsView.swift in Sources */,
				384DDF283CD2387796A812D3 /* TodayView.swift in Sources */,
				C41E20514734479D1EC2D707 /* TrendsView.swift in Sources */,
			);
			runOnlyForDeploymentPostprocessing = 0;
		};
		C49719D8A833061744868CC0 /* Sources */ = {
			isa = PBXSourcesBuildPhase;
			buildActionMask = 2147483647;
			files = (
				938F1489CA193BCC61E98582 /* ApiNormalizerTests.swift in Sources */,
				71A00D677C6C2915BF1480C2 /* BleNormalizerTests.swift in Sources */,
				41A9216F86425AA7AD66CA41 /* CborLiteDecoderTests.swift in Sources */,
				2601950F9749A4BB2F7B625B /* ChunkCodecTests.swift in Sources */,
				CF333B89C9F4BC52A5FDC5CD /* ChunkStoreTests.swift in Sources */,
				8B0832616181727C995CDBAA /* CorrelationEngineTests.swift in Sources */,
				BCB88F9875952F9ECBACEB13 /* DatabaseTests.swift in Sources */,
				38208BAB227205F9C8D2AFD0 /* ExporterTests.swift in Sources */,
				0F3BBAD81D9916A5D2DB52C8 /* FramingTests.swift in Sources */,
				3641A3D1E4B1FFCAF7691FF7 /* OpcodeAllowlistTests.swift in Sources */,
				014A532044FF74D11468E652 /* PacketTypeCountsTests.swift in Sources */,
				30A3B50D2CD52D25A87B7AA5 /* R10DecoderTests.swift in Sources */,
				32D1BDEBDB19FEB19FABE28C /* RateLimiterTests.swift in Sources */,
				2538A144DD3CFD77D6D9075B /* RealtimeHRDecoderTests.swift in Sources */,
				4D5610068753EA843D28EFBE /* RecordDAOTests.swift in Sources */,
				F19340669691FF997E098398 /* SourceStatusTests.swift in Sources */,
				182DDB7DD52A28284449973B /* StatsTests.swift in Sources */,
				E5EC0447411D56CBB51B4B86 /* TestSupport.swift in Sources */,
				A8DE767997D9B21D0F81ED6E /* TokenStoreTests.swift in Sources */,
			);
			runOnlyForDeploymentPostprocessing = 0;
		};
/* End PBXSourcesBuildPhase section */

/* Begin PBXTargetDependency section */
		080360D71A3781342E04498B /* PBXTargetDependency */ = {
			isa = PBXTargetDependency;
			name = ReflexWhoop;
			target = 3F0426919A0C7A25E59EB7AE /* ReflexWhoop */;
			targetProxy = 7F1BC7CB57FAD82128C24289 /* PBXContainerItemProxy */;
		};
/* End PBXTargetDependency section */

/* Begin XCBuildConfiguration section */
		065ECA726904B948067ED93D /* Debug */ = {
			isa = XCBuildConfiguration;
			buildSettings = {
				ALWAYS_SEARCH_USER_PATHS = NO;
				CLANG_ANALYZER_NONNULL = YES;
				CLANG_ANALYZER_NUMBER_OBJECT_CONVERSION = YES_AGGRESSIVE;
				CLANG_CXX_LANGUAGE_STANDARD = "gnu++14";
				CLANG_CXX_LIBRARY = "libc++";
				CLANG_ENABLE_MODULES = YES;
				CLANG_ENABLE_OBJC_ARC = YES;
				CLANG_ENABLE_OBJC_WEAK = YES;
				CLANG_WARN_BLOCK_CAPTURE_AUTORELEASING = YES;
				CLANG_WARN_BOOL_CONVERSION = YES;
				CLANG_WARN_COMMA = YES;
				CLANG_WARN_CONSTANT_CONVERSION = YES;
				CLANG_WARN_DEPRECATED_OBJC_IMPLEMENTATIONS = YES;
				CLANG_WARN_DIRECT_OBJC_ISA_USAGE = YES_ERROR;
				CLANG_WARN_DOCUMENTATION_COMMENTS = YES;
				CLANG_WARN_EMPTY_BODY = YES;
				CLANG_WARN_ENUM_CONVERSION = YES;
				CLANG_WARN_INFINITE_RECURSION = YES;
				CLANG_WARN_INT_CONVERSION = YES;
				CLANG_WARN_NON_LITERAL_NULL_CONVERSION = YES;
				CLANG_WARN_OBJC_IMPLICIT_RETAIN_SELF = YES;
				CLANG_WARN_OBJC_LITERAL_CONVERSION = YES;
				CLANG_WARN_OBJC_ROOT_CLASS = YES_ERROR;
				CLANG_WARN_QUOTED_INCLUDE_IN_FRAMEWORK_HEADER = YES;
				CLANG_WARN_RANGE_LOOP_ANALYSIS = YES;
				CLANG_WARN_STRICT_PROTOTYPES = YES;
				CLANG_WARN_SUSPICIOUS_MOVE = YES;
				CLANG_WARN_UNGUARDED_AVAILABILITY = YES_AGGRESSIVE;
				CLANG_WARN_UNREACHABLE_CODE = YES;
				CLANG_WARN__DUPLICATE_METHOD_MATCH = YES;
				CODE_SIGN_STYLE = Automatic;
				COPY_PHASE_STRIP = NO;
				DEBUG_INFORMATION_FORMAT = dwarf;
				DEVELOPMENT_TEAM = YOUR_TEAM_ID;
				ENABLE_PREVIEWS = YES;
				ENABLE_STRICT_OBJC_MSGSEND = YES;
				ENABLE_TESTABILITY = YES;
				GCC_C_LANGUAGE_STANDARD = gnu11;
				GCC_DYNAMIC_NO_PIC = NO;
				GCC_NO_COMMON_BLOCKS = YES;
				GCC_OPTIMIZATION_LEVEL = 0;
				GCC_PREPROCESSOR_DEFINITIONS = (
					"DEBUG=1",
					"$(inherited)",
				);
				GCC_WARN_64_TO_32_BIT_CONVERSION = YES;
				GCC_WARN_ABOUT_RETURN_TYPE = YES_ERROR;
				GCC_WARN_UNDECLARED_SELECTOR = YES;
				GCC_WARN_UNINITIALIZED_AUTOS = YES_AGGRESSIVE;
				GCC_WARN_UNUSED_FUNCTION = YES;
				GCC_WARN_UNUSED_VARIABLE = YES;
				IPHONEOS_DEPLOYMENT_TARGET = 17.0;
				MTL_ENABLE_DEBUG_INFO = INCLUDE_SOURCE;
				MTL_FAST_MATH = YES;
				ONLY_ACTIVE_ARCH = YES;
				PRODUCT_NAME = "$(TARGET_NAME)";
				SWIFT_ACTIVE_COMPILATION_CONDITIONS = DEBUG;
				SWIFT_OPTIMIZATION_LEVEL = "-Onone";
				SWIFT_VERSION = 5.0;
				TARGETED_DEVICE_FAMILY = 1;
			};
			name = Debug;
		};
		3D5B595AAB387D3A663D197A /* Release */ = {
			isa = XCBuildConfiguration;
			buildSettings = {
				ALWAYS_SEARCH_USER_PATHS = NO;
				CLANG_ANALYZER_NONNULL = YES;
				CLANG_ANALYZER_NUMBER_OBJECT_CONVERSION = YES_AGGRESSIVE;
				CLANG_CXX_LANGUAGE_STANDARD = "gnu++14";
				CLANG_CXX_LIBRARY = "libc++";
				CLANG_ENABLE_MODULES = YES;
				CLANG_ENABLE_OBJC_ARC = YES;
				CLANG_ENABLE_OBJC_WEAK = YES;
				CLANG_WARN_BLOCK_CAPTURE_AUTORELEASING = YES;
				CLANG_WARN_BOOL_CONVERSION = YES;
				CLANG_WARN_COMMA = YES;
				CLANG_WARN_CONSTANT_CONVERSION = YES;
				CLANG_WARN_DEPRECATED_OBJC_IMPLEMENTATIONS = YES;
				CLANG_WARN_DIRECT_OBJC_ISA_USAGE = YES_ERROR;
				CLANG_WARN_DOCUMENTATION_COMMENTS = YES;
				CLANG_WARN_EMPTY_BODY = YES;
				CLANG_WARN_ENUM_CONVERSION = YES;
				CLANG_WARN_INFINITE_RECURSION = YES;
				CLANG_WARN_INT_CONVERSION = YES;
				CLANG_WARN_NON_LITERAL_NULL_CONVERSION = YES;
				CLANG_WARN_OBJC_IMPLICIT_RETAIN_SELF = YES;
				CLANG_WARN_OBJC_LITERAL_CONVERSION = YES;
				CLANG_WARN_OBJC_ROOT_CLASS = YES_ERROR;
				CLANG_WARN_QUOTED_INCLUDE_IN_FRAMEWORK_HEADER = YES;
				CLANG_WARN_RANGE_LOOP_ANALYSIS = YES;
				CLANG_WARN_STRICT_PROTOTYPES = YES;
				CLANG_WARN_SUSPICIOUS_MOVE = YES;
				CLANG_WARN_UNGUARDED_AVAILABILITY = YES_AGGRESSIVE;
				CLANG_WARN_UNREACHABLE_CODE = YES;
				CLANG_WARN__DUPLICATE_METHOD_MATCH = YES;
				CODE_SIGN_STYLE = Automatic;
				COPY_PHASE_STRIP = NO;
				DEBUG_INFORMATION_FORMAT = "dwarf-with-dsym";
				DEVELOPMENT_TEAM = YOUR_TEAM_ID;
				ENABLE_NS_ASSERTIONS = NO;
				ENABLE_PREVIEWS = YES;
				ENABLE_STRICT_OBJC_MSGSEND = YES;
				GCC_C_LANGUAGE_STANDARD = gnu11;
				GCC_NO_COMMON_BLOCKS = YES;
				GCC_WARN_64_TO_32_BIT_CONVERSION = YES;
				GCC_WARN_ABOUT_RETURN_TYPE = YES_ERROR;
				GCC_WARN_UNDECLARED_SELECTOR = YES;
				GCC_WARN_UNINITIALIZED_AUTOS = YES_AGGRESSIVE;
				GCC_WARN_UNUSED_FUNCTION = YES;
				GCC_WARN_UNUSED_VARIABLE = YES;
				IPHONEOS_DEPLOYMENT_TARGET = 17.0;
				MTL_ENABLE_DEBUG_INFO = NO;
				MTL_FAST_MATH = YES;
				PRODUCT_NAME = "$(TARGET_NAME)";
				SWIFT_COMPILATION_MODE = wholemodule;
				SWIFT_OPTIMIZATION_LEVEL = "-O";
				SWIFT_VERSION = 5.0;
				TARGETED_DEVICE_FAMILY = 1;
			};
			name = Release;
		};
		545E88BACB5DF1071AA00947 /* Release */ = {
			isa = XCBuildConfiguration;
			buildSettings = {
				BUNDLE_LOADER = "$(TEST_HOST)";
				CLANG_ENABLE_OBJC_WEAK = NO;
				CODE_SIGN_STYLE = Automatic;
				GENERATE_INFOPLIST_FILE = YES;
				IPHONEOS_DEPLOYMENT_TARGET = 17.0;
				PRODUCT_BUNDLE_IDENTIFIER = com.reflexwhoop.app.tests;
				PRODUCT_NAME = ReflexWhoopTests;
				SDKROOT = iphoneos;
				TEST_HOST = "$(BUILT_PRODUCTS_DIR)/ReflexWhoop.app/ReflexWhoop";
				VALIDATE_PRODUCT = YES;
			};
			name = Release;
		};
		7556D88DD0547FFB8E31184A /* Debug */ = {
			isa = XCBuildConfiguration;
			buildSettings = {
				ASSETCATALOG_COMPILER_APPICON_NAME = AppIcon;
				ASSETCATALOG_COMPILER_GLOBAL_ACCENT_COLOR_NAME = AccentColor;
				CLANG_ENABLE_OBJC_WEAK = NO;
				CODE_SIGN_STYLE = Automatic;
				DEVELOPMENT_ASSET_PATHS = "";
				ENABLE_HARDENED_RUNTIME = NO;
				GENERATE_INFOPLIST_FILE = NO;
				INFOPLIST_FILE = ReflexWhoop/Info.plist;
				IPHONEOS_DEPLOYMENT_TARGET = 17.0;
				LD_RUNPATH_SEARCH_PATHS = "$(inherited) @executable_path/Frameworks";
				PRODUCT_BUNDLE_IDENTIFIER = com.reflexwhoop.app;
				PRODUCT_NAME = ReflexWhoop;
				SDKROOT = iphoneos;
				SWIFT_EMIT_LOC_STRINGS = YES;
				TARGETED_DEVICE_FAMILY = "1,2";
			};
			name = Debug;
		};
		A4723B10A4F567400FD94232 /* Release */ = {
			isa = XCBuildConfiguration;
			buildSettings = {
				ASSETCATALOG_COMPILER_APPICON_NAME = AppIcon;
				ASSETCATALOG_COMPILER_GLOBAL_ACCENT_COLOR_NAME = AccentColor;
				CLANG_ENABLE_OBJC_WEAK = NO;
				CODE_SIGN_STYLE = Automatic;
				DEVELOPMENT_ASSET_PATHS = "";
				ENABLE_HARDENED_RUNTIME = NO;
				GENERATE_INFOPLIST_FILE = NO;
				INFOPLIST_FILE = ReflexWhoop/Info.plist;
				IPHONEOS_DEPLOYMENT_TARGET = 17.0;
				LD_RUNPATH_SEARCH_PATHS = "$(inherited) @executable_path/Frameworks";
				PRODUCT_BUNDLE_IDENTIFIER = com.reflexwhoop.app;
				PRODUCT_NAME = ReflexWhoop;
				SDKROOT = iphoneos;
				SWIFT_EMIT_LOC_STRINGS = YES;
				TARGETED_DEVICE_FAMILY = "1,2";
				VALIDATE_PRODUCT = YES;
			};
			name = Release;
		};
		A8DB169D3896E9A2A61D42A6 /* Debug */ = {
			isa = XCBuildConfiguration;
			buildSettings = {
				BUNDLE_LOADER = "$(TEST_HOST)";
				CLANG_ENABLE_OBJC_WEAK = NO;
				CODE_SIGN_STYLE = Automatic;
				GENERATE_INFOPLIST_FILE = YES;
				IPHONEOS_DEPLOYMENT_TARGET = 17.0;
				PRODUCT_BUNDLE_IDENTIFIER = com.reflexwhoop.app.tests;
				PRODUCT_NAME = ReflexWhoopTests;
				SDKROOT = iphoneos;
				TEST_HOST = "$(BUILT_PRODUCTS_DIR)/ReflexWhoop.app/ReflexWhoop";
			};
			name = Debug;
		};
/* End XCBuildConfiguration section */

/* Begin XCConfigurationList section */
		7D5CBAC1D8CFCF7FF86CEF2C /* Build configuration list for PBXNativeTarget "ReflexWhoopTests" */ = {
			isa = XCConfigurationList;
			buildConfigurations = (
				545E88BACB5DF1071AA00947 /* Release */,
				A8DB169D3896E9A2A61D42A6 /* Debug */,
			);
			defaultConfigurationIsVisible = 0;
			defaultConfigurationName = Release;
		};
		8EA0DEACB996F729BCCB4467 /* Build configuration list for PBXProject "ReflexWhoop" */ = {
			isa = XCConfigurationList;
			buildConfigurations = (
				065ECA726904B948067ED93D /* Debug */,
				3D5B595AAB387D3A663D197A /* Release */,
			);
			defaultConfigurationIsVisible = 0;
			defaultConfigurationName = Release;
		};
		DE589E98484CF134D986B050 /* Build configuration list for PBXNativeTarget "ReflexWhoop" */ = {
			isa = XCConfigurationList;
			buildConfigurations = (
				A4723B10A4F567400FD94232 /* Release */,
				7556D88DD0547FFB8E31184A /* Debug */,
			);
			defaultConfigurationIsVisible = 0;
			defaultConfigurationName = Release;
		};
/* End XCConfigurationList section */

/* Begin XCRemoteSwiftPackageReference section */
		EC7CA1409CD1305293489705 /* XCRemoteSwiftPackageReference "GRDB.swift" */ = {
			isa = XCRemoteSwiftPackageReference;
			repositoryURL = "https://github.com/groue/GRDB.swift.git";
			requirement = {
				kind = upToNextMajorVersion;
				minimumVersion = 6.0.0;
			};
		};
/* End XCRemoteSwiftPackageReference section */

/* Begin XCSwiftPackageProductDependency section */
		9AFED929057977CE84D0E3A5 /* GRDB */ = {
			isa = XCSwiftPackageProductDependency;
			package = EC7CA1409CD1305293489705 /* XCRemoteSwiftPackageReference "GRDB.swift" */;
			productName = GRDB;
		};
		BEFC5B8BB2DD391069AB9AFF /* GRDB */ = {
			isa = XCSwiftPackageProductDependency;
			package = EC7CA1409CD1305293489705 /* XCRemoteSwiftPackageReference "GRDB.swift" */;
			productName = GRDB;
		};
/* End XCSwiftPackageProductDependency section */
	};
	rootObject = 4A6E7F11506E120314A5AFD9 /* Project object */;
}
