// !$*UTF8*$!
{
	archiveVersion = 1;
	classes = {
	};
	objectVersion = 46;
	objects = {

/* Begin PBXBuildFile section */
		0455AE6C2E6D19B71C9C143E /* ChunkStoreTests.swift in Sources */ = {isa = PBXBuildFile; fileRef = 1BE974D0DCA35B923C722BA2 /* ChunkStoreTests.swift */; };
		0C1325426126A0D06C16AF77 /* OAuthConfig.swift in Sources */ = {isa = PBXBuildFile; fileRef = 935E078E8789E061544D346E /* OAuthConfig.swift */; };
		0C6325A8A19CE8A955A6D0FF /* KeychainStore.swift in Sources */ = {isa = PBXBuildFile; fileRef = 360B0C2841E1B4905947AB2D /* KeychainStore.swift */; };
		1091B7861A52B6757D60CAAE /* Recovery.swift in Sources */ = {isa = PBXBuildFile; fileRef = 7976405A2E806CFF40751FCA /* Recovery.swift */; };
		1311762B69085C296293952A /* SyncPolicy.swift in Sources */ = {isa = PBXBuildFile; fileRef = CF2EAC70C2BEA8967426C6A7 /* SyncPolicy.swift */; };
		16F21A91B0FF82F98AC8B2FB /* Sleep.swift in Sources */ = {isa = PBXBuildFile; fileRef = 6B48DF84773114CAAB8E5E83 /* Sleep.swift */; };
		16FA098E89DE74B33335A355 /* LiveView.swift in Sources */ = {isa = PBXBuildFile; fileRef = 8F872A244791A8A504DB2D74 /* LiveView.swift */; };
		196AF2E96BB57F9BC725F4D4 /* recovery_page.json in Resources */ = {isa = PBXBuildFile; fileRef = 2A01E941D50BF900A964A34B /* recovery_page.json */; };
		1E6BE0502817E0FA44F3FADB /* DataView.swift in Sources */ = {isa = PBXBuildFile; fileRef = 83C39E9CACF03DCC000E830F /* DataView.swift */; };
		200F1D3E81FDE0BB7D21973D /* Framing.swift in Sources */ = {isa = PBXBuildFile; fileRef = F72B70C9ED735DFDCACBE45C /* Framing.swift */; };
		2031718B14A0EB519F499384 /* ApiNormalizer.swift in Sources */ = {isa = PBXBuildFile; fileRef = DB83F0A18A91B7317CF756C8 /* ApiNormalizer.swift */; };
		2462FC3BF71B341D7A083C16 /* Database.swift in Sources */ = {isa = PBXBuildFile; fileRef = 2C41C5768A0127CC6AA33BF2 /* Database.swift */; };
		263FFBE05C226643AD4FA5DC /* SpikeRecorder.swift in Sources */ = {isa = PBXBuildFile; fileRef = 3617A4DE21387C80FECD2EB2 /* SpikeRecorder.swift */; };
		350D4DDFDE4AF33BFFBB2D8C /* SettingsView.swift in Sources */ = {isa = PBXBuildFile; fileRef = B5E02515E8E6CDE3320E2C47 /* SettingsView.swift */; };
		38421D41063B332110107032 /* Migrator.swift in Sources */ = {isa = PBXBuildFile; fileRef = 2CD5865C8F27FAA3B86F975B /* Migrator.swift */; };
		4D2A3A1A79E1DFCE988AF753 /* TokenStoreTests.swift in Sources */ = {isa = PBXBuildFile; fileRef = EC16B7A35336A4CF5532E876 /* TokenStoreTests.swift */; };
		5033F99F1B603F58D517777F /* Assets.xcassets in Resources */ = {isa = PBXBuildFile; fileRef = 4801767AEEE4E4149FB28912 /* Assets.xcassets */; };
		53CD8884F76919816014B85E /* ChunkCodecTests.swift in Sources */ = {isa = PBXBuildFile; fileRef = 2E9070EF5FFFC7D112A5FCF5 /* ChunkCodecTests.swift */; };
		562509A33B3DD1FCC0BE89F2 /* TodayView.swift in Sources */ = {isa = PBXBuildFile; fileRef = 0430BC230C7F517B6FAFE4AF /* TodayView.swift */; };
		62FFDA6E8DB6644CF67F7415 /* RecordDAO.swift in Sources */ = {isa = PBXBuildFile; fileRef = 59DA35D2F955C006BF7DBC3F /* RecordDAO.swift */; };
		65EB8B3048A739BD94272DB0 /* TrendsView.swift in Sources */ = {isa = PBXBuildFile; fileRef = 4B10F60F23E69F0666E67C2E /* TrendsView.swift */; };
		69670F28734CF366EF8B2737 /* RecordDAOTests.swift in Sources */ = {isa = PBXBuildFile; fileRef = 0EAC090A53605FAD5BAF3126 /* RecordDAOTests.swift */; };
		6F2FF383E4B4B261BC198F16 /* TestSupport.swift in Sources */ = {isa = PBXBuildFile; fileRef = 5B6EFE6BB59348D68BBAAC54 /* TestSupport.swift */; };
		720BE518B4C67D91413A24DE /* WhoopClient.swift in Sources */ = {isa = PBXBuildFile; fileRef = 05E0F595807FBBD0E12537A0 /* WhoopClient.swift */; };
		72A35A618E8345F398160FE6 /* AnalysisQueries.swift in Sources */ = {isa = PBXBuildFile; fileRef = 79B9D36E317705C83C9B8DE7 /* AnalysisQueries.swift */; };
		7472FB1D5D30F61685282B3C /* ReadinessEngine.swift in Sources */ = {isa = PBXBuildFile; fileRef = 425AF76A394A3983F921212A /* ReadinessEngine.swift */; };
		7B4759D431960F0C2F3B2990 /* AppContainer.swift in Sources */ = {isa = PBXBuildFile; fileRef = C173F3C8E30E5049465B7A66 /* AppContainer.swift */; };
		7C7B4C6FFC50027555966A36 /* BackgroundSync.swift in Sources */ = {isa = PBXBuildFile; fileRef = 3FC6968204738EABD701EFEB /* BackgroundSync.swift */; };
		7EA99847F3504ADB38183DB7 /* GRDB in Frameworks */ = {isa = PBXBuildFile; productRef = E596EC5F591401E0C9D8D7C1 /* GRDB */; };
		81B31EDECE266B42BE9B5E43 /* RateLimiterTests.swift in Sources */ = {isa = PBXBuildFile; fileRef = DFE32C8B3BE3350EDEDEF55F /* RateLimiterTests.swift */; };
		838E05C68144862F0CCE03F6 /* workout_page.json in Resources */ = {isa = PBXBuildFile; fileRef = E39D659ECFCBCFEE5301A53B /* workout_page.json */; };
		84FBEEF75F164E23430E996B /* FramingTests.swift in Sources */ = {isa = PBXBuildFile; fileRef = 21FB78BEE7C85E826B4DE9B7 /* FramingTests.swift */; };
		8A027342D417D3663DBE2259 /* body_measurement.json in Resources */ = {isa = PBXBuildFile; fileRef = F7768B04BCE74038E079CD9F /* body_measurement.json */; };
		8C15337C4AA4DCD6252693D2 /* Profile.swift in Sources */ = {isa = PBXBuildFile; fileRef = 5E0DD0E1043FCA055B4B5D5C /* Profile.swift */; };
		8C37C0A4837033B533202B09 /* RateLimiter.swift in Sources */ = {isa = PBXBuildFile; fileRef = C4240614B66F9C76A80B873E /* RateLimiter.swift */; };
		8E76443039555476967A7CBF /* Stats.swift in Sources */ = {isa = PBXBuildFile; fileRef = 83B25E36B6FF7113D428FAE2 /* Stats.swift */; };
		8F396312BCCE141FE7123E57 /* WhoopAuth.swift in Sources */ = {isa = PBXBuildFile; fileRef = F430BB77147F4D9AF0B8A8C0 /* WhoopAuth.swift */; };
		8FB35DB5F47DE699FF02F597 /* BandConnection.swift in Sources */ = {isa = PBXBuildFile; fileRef = 3018EA9A47B17E9F9652A146 /* BandConnection.swift */; };
		936AC21D9AC7BF3713AF3F6E /* OpcodeAllowlist.swift in Sources */ = {isa = PBXBuildFile; fileRef = A11204BE85DCC31AED8B263A /* OpcodeAllowlist.swift */; };
		9500BA389468C90A92045176 /* ReflexWhoopApp.swift in Sources */ = {isa = PBXBuildFile; fileRef = 85781F1F74D4BF653FABD121 /* ReflexWhoopApp.swift */; };
		9ABBF4D71A0C128134EB9E37 /* AnomalyEngine.swift in Sources */ = {isa = PBXBuildFile; fileRef = DDB0F90F66A32A29A66BE297 /* AnomalyEngine.swift */; };
		A031F0054D3F209E8993F2BC /* ApiSyncEngine.swift in Sources */ = {isa = PBXBuildFile; fileRef = 176C4509B5C8ABA3378E693D /* ApiSyncEngine.swift */; };
		A0E9E4BAD2F7B5CAB0C2267E /* GRDB in Frameworks */ = {isa = PBXBuildFile; productRef = 70A45BCDE5F0F9C442B3AB61 /* GRDB */; };
		A516C095CDE78ED6EB2ED640 /* InsightsView.swift in Sources */ = {isa = PBXBuildFile; fileRef = 7C4CB3DA8A99AE7ED36FA9BD /* InsightsView.swift */; };
		A6FBAA0E47BC2E688DB8BF48 /* BaselineEngine.swift in Sources */ = {isa = PBXBuildFile; fileRef = 4BA669D033F355E142F96A07 /* BaselineEngine.swift */; };
		AAB070F59B85BDBDD59F2B14 /* TokenStore.swift in Sources */ = {isa = PBXBuildFile; fileRef = 74E7DF8F1AEF64F53682A05B /* TokenStore.swift */; };
		AAF2A53F725B8608E4596753 /* ChunkCodec.swift in Sources */ = {isa = PBXBuildFile; fileRef = 9ACF4C204C1410DD848753B2 /* ChunkCodec.swift */; };
		ABC6FA137F5D2568F23174D9 /* StatsTests.swift in Sources */ = {isa = PBXBuildFile; fileRef = E520A21771F0BC5178E643B1 /* StatsTests.swift */; };
		AEB83E5722A241E6A2C35F28 /* AnalysisEngine.swift in Sources */ = {isa = PBXBuildFile; fileRef = 1272D2FBB359B1059950FE84 /* AnalysisEngine.swift */; };
		AEE687FFFDD131DFC18DEE1C /* CorrelationEngineTests.swift in Sources */ = {isa = PBXBuildFile; fileRef = 8CF538051C6A68246D464FF0 /* CorrelationEngineTests.swift */; };
		BD6AE337E823226127F24BEE /* OpcodeAllowlistTests.swift in Sources */ = {isa = PBXBuildFile; fileRef = 16DF8A5C606AA92201D07C36 /* OpcodeAllowlistTests.swift */; };
		BFBCD392EF77AD1540B355AC /* DatabaseTests.swift in Sources */ = {isa = PBXBuildFile; fileRef = 7C58869138825E6CD5153EEE /* DatabaseTests.swift */; };
		C527493D1EAB9E5AC98B5703 /* cycle_page.json in Resources */ = {isa = PBXBuildFile; fileRef = DC4E52385445BC526CBF7091 /* cycle_page.json */; };
		C6C280624FCF2CC161AFA27D /* Workout.swift in Sources */ = {isa = PBXBuildFile; fileRef = A2B74F615D7CFE227AFC5E06 /* Workout.swift */; };
		CBC999EFC2022B762DA2E4E2 /* Foundation.framework in Frameworks */ = {isa = PBXBuildFile; fileRef = BFEC8FB675706D5E932ACC3C /* Foundation.framework */; };
		CC200282A9446BC646312650 /* ApiNormalizerTests.swift in Sources */ = {isa = PBXBuildFile; fileRef = 51C07EA58C16A2D0DA9825D5 /* ApiNormalizerTests.swift */; };
		D89B931AB4B9C76FFF933ADA /* DailyMetricsBuilder.swift in Sources */ = {isa = PBXBuildFile; fileRef = 20A7C0D2712909997F09ECC8 /* DailyMetricsBuilder.swift */; };
		D8DDE686B2A5212334188DE7 /* BleConstants.swift in Sources */ = {isa = PBXBuildFile; fileRef = 08564EFD6BEA247426A6CA77 /* BleConstants.swift */; };
		DCFFCCC53EFE20B6138B8E10 /* Foundation.framework in Frameworks */ = {isa = PBXBuildFile; fileRef = BFEC8FB675706D5E932ACC3C /* Foundation.framework */; };
		E43639C8B0275D30ECAD0966 /* CorrelationEngine.swift in Sources */ = {isa = PBXBuildFile; fileRef = 843D05550963B15BE74DF7C6 /* CorrelationEngine.swift */; };
		E4536F9BAB554B24493A3F95 /* Common.swift in Sources */ = {isa = PBXBuildFile; fileRef = D8383659DD856FEBEBC2A609 /* Common.swift */; };
		E4C6B73AF3975642D76CF720 /* ContentHash.swift in Sources */ = {isa = PBXBuildFile; fileRef = 32E6E1B720CC41B220379E1B /* ContentHash.swift */; };
		E5DAC5FC413F778EAE76E5FD /* RootView.swift in Sources */ = {isa = PBXBuildFile; fileRef = C810C4CE76C585E7DDC86CC6 /* RootView.swift */; };
		E9FB3505B8B9593811F6E7EF /* sleep_page.json in Resources */ = {isa = PBXBuildFile; fileRef = A6C17DAC8A41471F0CEBED63 /* sleep_page.json */; };
		EC4CC3CFCF0A9A8E40C8F72F /* Data+Compression.swift in Sources */ = {isa = PBXBuildFile; fileRef = 69DAF67ED5D60BA7C80C083B /* Data+Compression.swift */; };
		F1946931F68DC9FC5E89FBF4 /* IngestInbox.swift in Sources */ = {isa = PBXBuildFile; fileRef = 88AC98D8C58962B73FE7054A /* IngestInbox.swift */; };
		F2B4D43F9D0E736E5DDF4A30 /* Cycle.swift in Sources */ = {isa = PBXBuildFile; fileRef = 5B6AFCC923FDF781CBCCF66A /* Cycle.swift */; };
		F777283A5D591FCD29A20FB5 /* ChunkStore.swift in Sources */ = {isa = PBXBuildFile; fileRef = BE95D3E8DAD0086B6FEE8E2A /* ChunkStore.swift */; };
		FFBCF82E46D445BEDEFB9A3F /* profile.json in Resources */ = {isa = PBXBuildFile; fileRef = 905D133BE550F2E95369FB2A /* profile.json */; };
/* End PBXBuildFile section */

/* Begin PBXContainerItemProxy section */
		28336E745F4CA01E06C77742 /* PBXContainerItemProxy */ = {
			isa = PBXContainerItemProxy;
			containerPortal = 9C0AB3D02B52D9033697ED12 /* Project object */;
			proxyType = 1;
			remoteGlobalIDString = F7B9140A56B3A9973B5343F3;
			remoteInfo = ReflexWhoop;
		};
/* End PBXContainerItemProxy section */

/* Begin PBXFileReference section */
		0430BC230C7F517B6FAFE4AF /* TodayView.swift */ = {isa = PBXFileReference; includeInIndex = 1; lastKnownFileType = sourcecode.swift; path = TodayView.swift; sourceTree = "<group>"; };
		05E0F595807FBBD0E12537A0 /* WhoopClient.swift */ = {isa = PBXFileReference; includeInIndex = 1; lastKnownFileType = sourcecode.swift; path = WhoopClient.swift; sourceTree = "<group>"; };
		08564EFD6BEA247426A6CA77 /* BleConstants.swift */ = {isa = PBXFileReference; includeInIndex = 1; lastKnownFileType = sourcecode.swift; path = BleConstants.swift; sourceTree = "<group>"; };
		0EAC090A53605FAD5BAF3126 /* RecordDAOTests.swift */ = {isa = PBXFileReference; includeInIndex = 1; lastKnownFileType = sourcecode.swift; path = RecordDAOTests.swift; sourceTree = "<group>"; };
		1272D2FBB359B1059950FE84 /* AnalysisEngine.swift */ = {isa = PBXFileReference; includeInIndex = 1; lastKnownFileType = sourcecode.swift; path = AnalysisEngine.swift; sourceTree = "<group>"; };
		16DF8A5C606AA92201D07C36 /* OpcodeAllowlistTests.swift */ = {isa = PBXFileReference; includeInIndex = 1; lastKnownFileType = sourcecode.swift; path = OpcodeAllowlistTests.swift; sourceTree = "<group>"; };
		176C4509B5C8ABA3378E693D /* ApiSyncEngine.swift */ = {isa = PBXFileReference; includeInIndex = 1; lastKnownFileType = sourcecode.swift; path = ApiSyncEngine.swift; sourceTree = "<group>"; };
		1BE974D0DCA35B923C722BA2 /* ChunkStoreTests.swift */ = {isa = PBXFileReference; includeInIndex = 1; lastKnownFileType = sourcecode.swift; path = ChunkStoreTests.swift; sourceTree = "<group>"; };
		20A7C0D2712909997F09ECC8 /* DailyMetricsBuilder.swift */ = {isa = PBXFileReference; includeInIndex = 1; lastKnownFileType = sourcecode.swift; path = DailyMetricsBuilder.swift; sourceTree = "<group>"; };
		21FB78BEE7C85E826B4DE9B7 /* FramingTests.swift */ = {isa = PBXFileReference; includeInIndex = 1; lastKnownFileType = sourcecode.swift; path = FramingTests.swift; sourceTree = "<group>"; };
		2A01E941D50BF900A964A34B /* recovery_page.json */ = {isa = PBXFileReference; includeInIndex = 1; path = recovery_page.json; sourceTree = "<group>"; };
		2C41C5768A0127CC6AA33BF2 /* Database.swift */ = {isa = PBXFileReference; includeInIndex = 1; lastKnownFileType = sourcecode.swift; path = Database.swift; sourceTree = "<group>"; };
		2CD5865C8F27FAA3B86F975B /* Migrator.swift */ = {isa = PBXFileReference; includeInIndex = 1; lastKnownFileType = sourcecode.swift; path = Migrator.swift; sourceTree = "<group>"; };
		2E9070EF5FFFC7D112A5FCF5 /* ChunkCodecTests.swift */ = {isa = PBXFileReference; includeInIndex = 1; lastKnownFileType = sourcecode.swift; path = ChunkCodecTests.swift; sourceTree = "<group>"; };
		3018EA9A47B17E9F9652A146 /* BandConnection.swift */ = {isa = PBXFileReference; includeInIndex = 1; lastKnownFileType = sourcecode.swift; path = BandConnection.swift; sourceTree = "<group>"; };
		32E6E1B720CC41B220379E1B /* ContentHash.swift */ = {isa = PBXFileReference; includeInIndex = 1; lastKnownFileType = sourcecode.swift; path = ContentHash.swift; sourceTree = "<group>"; };
		360B0C2841E1B4905947AB2D /* KeychainStore.swift */ = {isa = PBXFileReference; includeInIndex = 1; lastKnownFileType = sourcecode.swift; path = KeychainStore.swift; sourceTree = "<group>"; };
		3617A4DE21387C80FECD2EB2 /* SpikeRecorder.swift */ = {isa = PBXFileReference; includeInIndex = 1; lastKnownFileType = sourcecode.swift; path = SpikeRecorder.swift; sourceTree = "<group>"; };
		3FC6968204738EABD701EFEB /* BackgroundSync.swift */ = {isa = PBXFileReference; includeInIndex = 1; lastKnownFileType = sourcecode.swift; path = BackgroundSync.swift; sourceTree = "<group>"; };
		425AF76A394A3983F921212A /* ReadinessEngine.swift */ = {isa = PBXFileReference; includeInIndex = 1; lastKnownFileType = sourcecode.swift; path = ReadinessEngine.swift; sourceTree = "<group>"; };
		4801767AEEE4E4149FB28912 /* Assets.xcassets */ = {isa = PBXFileReference; includeInIndex = 1; lastKnownFileType = folder.assetcatalog; path = Assets.xcassets; sourceTree = "<group>"; };
		4B10F60F23E69F0666E67C2E /* TrendsView.swift */ = {isa = PBXFileReference; includeInIndex = 1; lastKnownFileType = sourcecode.swift; path = TrendsView.swift; sourceTree = "<group>"; };
		4BA669D033F355E142F96A07 /* BaselineEngine.swift */ = {isa = PBXFileReference; includeInIndex = 1; lastKnownFileType = sourcecode.swift; path = BaselineEngine.swift; sourceTree = "<group>"; };
		51C07EA58C16A2D0DA9825D5 /* ApiNormalizerTests.swift */ = {isa = PBXFileReference; includeInIndex = 1; lastKnownFileType = sourcecode.swift; path = ApiNormalizerTests.swift; sourceTree = "<group>"; };
		59DA35D2F955C006BF7DBC3F /* RecordDAO.swift */ = {isa = PBXFileReference; includeInIndex = 1; lastKnownFileType = sourcecode.swift; path = RecordDAO.swift; sourceTree = "<group>"; };
		5B6AFCC923FDF781CBCCF66A /* Cycle.swift */ = {isa = PBXFileReference; includeInIndex = 1; lastKnownFileType = sourcecode.swift; path = Cycle.swift; sourceTree = "<group>"; };
		5B6EFE6BB59348D68BBAAC54 /* TestSupport.swift */ = {isa = PBXFileReference; includeInIndex = 1; lastKnownFileType = sourcecode.swift; path = TestSupport.swift; sourceTree = "<group>"; };
		5E0DD0E1043FCA055B4B5D5C /* Profile.swift */ = {isa = PBXFileReference; includeInIndex = 1; lastKnownFileType = sourcecode.swift; path = Profile.swift; sourceTree = "<group>"; };
		5FA6D7533757F8728DD1B5DB /* ReflexWhoop.app */ = {isa = PBXFileReference; explicitFileType = wrapper.application; includeInIndex = 0; path = ReflexWhoop.app; sourceTree = BUILT_PRODUCTS_DIR; };
		69DAF67ED5D60BA7C80C083B /* Data+Compression.swift */ = {isa = PBXFileReference; includeInIndex = 1; lastKnownFileType = sourcecode.swift; path = "Data+Compression.swift"; sourceTree = "<group>"; };
		6B48DF84773114CAAB8E5E83 /* Sleep.swift */ = {isa = PBXFileReference; includeInIndex = 1; lastKnownFileType = sourcecode.swift; path = Sleep.swift; sourceTree = "<group>"; };
		718F2FE13C51EACE1C32006D /* ReflexWhoopTests.xctest */ = {isa = PBXFileReference; explicitFileType = wrapper.cfbundle; includeInIndex = 0; path = ReflexWhoopTests.xctest; sourceTree = BUILT_PRODUCTS_DIR; };
		74E7DF8F1AEF64F53682A05B /* TokenStore.swift */ = {isa = PBXFileReference; includeInIndex = 1; lastKnownFileType = sourcecode.swift; path = TokenStore.swift; sourceTree = "<group>"; };
		7976405A2E806CFF40751FCA /* Recovery.swift */ = {isa = PBXFileReference; includeInIndex = 1; lastKnownFileType = sourcecode.swift; path = Recovery.swift; sourceTree = "<group>"; };
		79B9D36E317705C83C9B8DE7 /* AnalysisQueries.swift */ = {isa = PBXFileReference; includeInIndex = 1; lastKnownFileType = sourcecode.swift; path = AnalysisQueries.swift; sourceTree = "<group>"; };
		7C4CB3DA8A99AE7ED36FA9BD /* InsightsView.swift */ = {isa = PBXFileReference; includeInIndex = 1; lastKnownFileType = sourcecode.swift; path = InsightsView.swift; sourceTree = "<group>"; };
		7C58869138825E6CD5153EEE /* DatabaseTests.swift */ = {isa = PBXFileReference; includeInIndex = 1; lastKnownFileType = sourcecode.swift; path = DatabaseTests.swift; sourceTree = "<group>"; };
		83B25E36B6FF7113D428FAE2 /* Stats.swift */ = {isa = PBXFileReference; includeInIndex = 1; lastKnownFileType = sourcecode.swift; path = Stats.swift; sourceTree = "<group>"; };
		83C39E9CACF03DCC000E830F /* DataView.swift */ = {isa = PBXFileReference; includeInIndex = 1; lastKnownFileType = sourcecode.swift; path = DataView.swift; sourceTree = "<group>"; };
		843D05550963B15BE74DF7C6 /* CorrelationEngine.swift */ = {isa = PBXFileReference; includeInIndex = 1; lastKnownFileType = sourcecode.swift; path = CorrelationEngine.swift; sourceTree = "<group>"; };
		85781F1F74D4BF653FABD121 /* ReflexWhoopApp.swift */ = {isa = PBXFileReference; includeInIndex = 1; lastKnownFileType = sourcecode.swift; path = ReflexWhoopApp.swift; sourceTree = "<group>"; };
		88AC98D8C58962B73FE7054A /* IngestInbox.swift */ = {isa = PBXFileReference; includeInIndex = 1; lastKnownFileType = sourcecode.swift; path = IngestInbox.swift; sourceTree = "<group>"; };
		8B92D5AF1819E6657C543711 /* Info.plist */ = {isa = PBXFileReference; includeInIndex = 1; lastKnownFileType = text.plist.xml; path = Info.plist; sourceTree = "<group>"; };
		8CF538051C6A68246D464FF0 /* CorrelationEngineTests.swift */ = {isa = PBXFileReference; includeInIndex = 1; lastKnownFileType = sourcecode.swift; path = CorrelationEngineTests.swift; sourceTree = "<group>"; };
		8F872A244791A8A504DB2D74 /* LiveView.swift */ = {isa = PBXFileReference; includeInIndex = 1; lastKnownFileType = sourcecode.swift; path = LiveView.swift; sourceTree = "<group>"; };
		905D133BE550F2E95369FB2A /* profile.json */ = {isa = PBXFileReference; includeInIndex = 1; path = profile.json; sourceTree = "<group>"; };
		935E078E8789E061544D346E /* OAuthConfig.swift */ = {isa = PBXFileReference; includeInIndex = 1; lastKnownFileType = sourcecode.swift; path = OAuthConfig.swift; sourceTree = "<group>"; };
		9ACF4C204C1410DD848753B2 /* ChunkCodec.swift */ = {isa = PBXFileReference; includeInIndex = 1; lastKnownFileType = sourcecode.swift; path = ChunkCodec.swift; sourceTree = "<group>"; };
		A11204BE85DCC31AED8B263A /* OpcodeAllowlist.swift */ = {isa = PBXFileReference; includeInIndex = 1; lastKnownFileType = sourcecode.swift; path = OpcodeAllowlist.swift; sourceTree = "<group>"; };
		A2B74F615D7CFE227AFC5E06 /* Workout.swift */ = {isa = PBXFileReference; includeInIndex = 1; lastKnownFileType = sourcecode.swift; path = Workout.swift; sourceTree = "<group>"; };
		A6C17DAC8A41471F0CEBED63 /* sleep_page.json */ = {isa = PBXFileReference; includeInIndex = 1; path = sleep_page.json; sourceTree = "<group>"; };
		B5E02515E8E6CDE3320E2C47 /* SettingsView.swift */ = {isa = PBXFileReference; includeInIndex = 1; lastKnownFileType = sourcecode.swift; path = SettingsView.swift; sourceTree = "<group>"; };
		BE95D3E8DAD0086B6FEE8E2A /* ChunkStore.swift */ = {isa = PBXFileReference; includeInIndex = 1; lastKnownFileType = sourcecode.swift; path = ChunkStore.swift; sourceTree = "<group>"; };
		BFEC8FB675706D5E932ACC3C /* Foundation.framework */ = {isa = PBXFileReference; lastKnownFileType = wrapper.framework; name = Foundation.framework; path = Platforms/iPhoneOS.platform/Developer/SDKs/iPhoneOS26.0.sdk/System/Library/Frameworks/Foundation.framework; sourceTree = DEVELOPER_DIR; };
		C173F3C8E30E5049465B7A66 /* AppContainer.swift */ = {isa = PBXFileReference; includeInIndex = 1; lastKnownFileType = sourcecode.swift; path = AppContainer.swift; sourceTree = "<group>"; };
		C4240614B66F9C76A80B873E /* RateLimiter.swift */ = {isa = PBXFileReference; includeInIndex = 1; lastKnownFileType = sourcecode.swift; path = RateLimiter.swift; sourceTree = "<group>"; };
		C810C4CE76C585E7DDC86CC6 /* RootView.swift */ = {isa = PBXFileReference; includeInIndex = 1; lastKnownFileType = sourcecode.swift; path = RootView.swift; sourceTree = "<group>"; };
		CF2EAC70C2BEA8967426C6A7 /* SyncPolicy.swift */ = {isa = PBXFileReference; includeInIndex = 1; lastKnownFileType = sourcecode.swift; path = SyncPolicy.swift; sourceTree = "<group>"; };
		D8383659DD856FEBEBC2A609 /* Common.swift */ = {isa = PBXFileReference; includeInIndex = 1; lastKnownFileType = sourcecode.swift; path = Common.swift; sourceTree = "<group>"; };
		DB83F0A18A91B7317CF756C8 /* ApiNormalizer.swift */ = {isa = PBXFileReference; includeInIndex = 1; lastKnownFileType = sourcecode.swift; path = ApiNormalizer.swift; sourceTree = "<group>"; };
		DC4E52385445BC526CBF7091 /* cycle_page.json */ = {isa = PBXFileReference; includeInIndex = 1; path = cycle_page.json; sourceTree = "<group>"; };
		DDB0F90F66A32A29A66BE297 /* AnomalyEngine.swift */ = {isa = PBXFileReference; includeInIndex = 1; lastKnownFileType = sourcecode.swift; path = AnomalyEngine.swift; sourceTree = "<group>"; };
		DFE32C8B3BE3350EDEDEF55F /* RateLimiterTests.swift */ = {isa = PBXFileReference; includeInIndex = 1; lastKnownFileType = sourcecode.swift; path = RateLimiterTests.swift; sourceTree = "<group>"; };
		E39D659ECFCBCFEE5301A53B /* workout_page.json */ = {isa = PBXFileReference; includeInIndex = 1; path = workout_page.json; sourceTree = "<group>"; };
		E520A21771F0BC5178E643B1 /* StatsTests.swift */ = {isa = PBXFileReference; includeInIndex = 1; lastKnownFileType = sourcecode.swift; path = StatsTests.swift; sourceTree = "<group>"; };
		EC16B7A35336A4CF5532E876 /* TokenStoreTests.swift */ = {isa = PBXFileReference; includeInIndex = 1; lastKnownFileType = sourcecode.swift; path = TokenStoreTests.swift; sourceTree = "<group>"; };
		F430BB77147F4D9AF0B8A8C0 /* WhoopAuth.swift */ = {isa = PBXFileReference; includeInIndex = 1; lastKnownFileType = sourcecode.swift; path = WhoopAuth.swift; sourceTree = "<group>"; };
		F72B70C9ED735DFDCACBE45C /* Framing.swift */ = {isa = PBXFileReference; includeInIndex = 1; lastKnownFileType = sourcecode.swift; path = Framing.swift; sourceTree = "<group>"; };
		F7768B04BCE74038E079CD9F /* body_measurement.json */ = {isa = PBXFileReference; includeInIndex = 1; path = body_measurement.json; sourceTree = "<group>"; };
/* End PBXFileReference section */

/* Begin PBXFrameworksBuildPhase section */
		B52AD3919A978F282E080D2D /* Frameworks */ = {
			isa = PBXFrameworksBuildPhase;
			buildActionMask = 2147483647;
			files = (
				DCFFCCC53EFE20B6138B8E10 /* Foundation.framework in Frameworks */,
				A0E9E4BAD2F7B5CAB0C2267E /* GRDB in Frameworks */,
			);
			runOnlyForDeploymentPostprocessing = 0;
		};
		EE984A2819C852EFA1CA50EE /* Frameworks */ = {
			isa = PBXFrameworksBuildPhase;
			buildActionMask = 2147483647;
			files = (
				CBC999EFC2022B762DA2E4E2 /* Foundation.framework in Frameworks */,
				7EA99847F3504ADB38183DB7 /* GRDB in Frameworks */,
			);
			runOnlyForDeploymentPostprocessing = 0;
		};
/* End PBXFrameworksBuildPhase section */

/* Begin PBXGroup section */
		0866BA895B443D970CD45E92 /* Auth */ = {
			isa = PBXGroup;
			children = (
				360B0C2841E1B4905947AB2D /* KeychainStore.swift */,
				935E078E8789E061544D346E /* OAuthConfig.swift */,
				74E7DF8F1AEF64F53682A05B /* TokenStore.swift */,
				F430BB77147F4D9AF0B8A8C0 /* WhoopAuth.swift */,
			);
			name = Auth;
			path = Auth;
			sourceTree = "<group>";
		};
		237F7E4787E6F5194CF238E2 /* DAO */ = {
			isa = PBXGroup;
			children = (
				59DA35D2F955C006BF7DBC3F /* RecordDAO.swift */,
			);
			name = DAO;
			path = DAO;
			sourceTree = "<group>";
		};
		2FBA801B7915BE7B63DA1A56 /* Decoders */ = {
			isa = PBXGroup;
			children = (
			);
			name = Decoders;
			path = Decoders;
			sourceTree = "<group>";
		};
		350F983A542C7B0909038E7C /* Sync */ = {
			isa = PBXGroup;
			children = (
				176C4509B5C8ABA3378E693D /* ApiSyncEngine.swift */,
				3FC6968204738EABD701EFEB /* BackgroundSync.swift */,
				CF2EAC70C2BEA8967426C6A7 /* SyncPolicy.swift */,
			);
			name = Sync;
			path = Sync;
			sourceTree = "<group>";
		};
		4097A302DB9A7FBB0A2B0AF2 /* Charts */ = {
			isa = PBXGroup;
			children = (
			);
			name = Charts;
			path = Charts;
			sourceTree = "<group>";
		};
		4C483E15044E54E34A5DE93D /* Ingest */ = {
			isa = PBXGroup;
			children = (
				DB83F0A18A91B7317CF756C8 /* ApiNormalizer.swift */,
				32E6E1B720CC41B220379E1B /* ContentHash.swift */,
				88AC98D8C58962B73FE7054A /* IngestInbox.swift */,
			);
			name = Ingest;
			path = Ingest;
			sourceTree = "<group>";
		};
		52882DD382C94B8CF38DA3D1 /* Components */ = {
			isa = PBXGroup;
			children = (
			);
			name = Components;
			path = Components;
			sourceTree = "<group>";
		};
		58A9E2A44E2677D4C0AE7169 /* Migrations */ = {
			isa = PBXGroup;
			children = (
				2CD5865C8F27FAA3B86F975B /* Migrator.swift */,
			);
			name = Migrations;
			path = Migrations;
			sourceTree = "<group>";
		};
		604AED716B253F970FBDF6B4 /* Ble */ = {
			isa = PBXGroup;
			children = (
				3018EA9A47B17E9F9652A146 /* BandConnection.swift */,
				08564EFD6BEA247426A6CA77 /* BleConstants.swift */,
				2FBA801B7915BE7B63DA1A56 /* Decoders */,
				F72B70C9ED735DFDCACBE45C /* Framing.swift */,
				A11204BE85DCC31AED8B263A /* OpcodeAllowlist.swift */,
				3617A4DE21387C80FECD2EB2 /* SpikeRecorder.swift */,
			);
			name = Ble;
			path = Ble;
			sourceTree = "<group>";
		};
		7987B06944BAA19A481382D7 /* UI */ = {
			isa = PBXGroup;
			children = (
				4097A302DB9A7FBB0A2B0AF2 /* Charts */,
				52882DD382C94B8CF38DA3D1 /* Components */,
				83C39E9CACF03DCC000E830F /* DataView.swift */,
				7C4CB3DA8A99AE7ED36FA9BD /* InsightsView.swift */,
				8F872A244791A8A504DB2D74 /* LiveView.swift */,
				C810C4CE76C585E7DDC86CC6 /* RootView.swift */,
				B5E02515E8E6CDE3320E2C47 /* SettingsView.swift */,
				0430BC230C7F517B6FAFE4AF /* TodayView.swift */,
				4B10F60F23E69F0666E67C2E /* TrendsView.swift */,
			);
			name = UI;
			path = UI;
			sourceTree = "<group>";
		};
		7F510B4996E3F17CDFBF1FF0 /* Products */ = {
			isa = PBXGroup;
			children = (
				5FA6D7533757F8728DD1B5DB /* ReflexWhoop.app */,
				718F2FE13C51EACE1C32006D /* ReflexWhoopTests.xctest */,
			);
			name = Products;
			sourceTree = "<group>";
		};
		8A4134001530271E63DEB0E4 /* TimeSeries */ = {
			isa = PBXGroup;
			children = (
				9ACF4C204C1410DD848753B2 /* ChunkCodec.swift */,
				BE95D3E8DAD0086B6FEE8E2A /* ChunkStore.swift */,
				69DAF67ED5D60BA7C80C083B /* Data+Compression.swift */,
			);
			name = TimeSeries;
			path = TimeSeries;
			sourceTree = "<group>";
		};
		8FABF41D0B462F9E9ED5A0D6 /* Resources */ = {
			isa = PBXGroup;
			children = (
				4801767AEEE4E4149FB28912 /* Assets.xcassets */,
			);
			name = Resources;
			path = Resources;
			sourceTree = "<group>";
		};
		971C3228D9239301FDED36B7 /* iOS */ = {
			isa = PBXGroup;
			children = (
				BFEC8FB675706D5E932ACC3C /* Foundation.framework */,
			);
			name = iOS;
			sourceTree = "<group>";
		};
		9F3A93DFEA56C1E7CB53C52D /* App */ = {
			isa = PBXGroup;
			children = (
				C173F3C8E30E5049465B7A66 /* AppContainer.swift */,
				85781F1F74D4BF653FABD121 /* ReflexWhoopApp.swift */,
			);
			name = App;
			path = App;
			sourceTree = "<group>";
		};
		A04E24A85A4CE46ADAE274B3 /* ReflexWhoop */ = {
			isa = PBXGroup;
			children = (
				AD0C37D6F7601978F4F03822 /* Analysis */,
				BE0B877248F28EEDC9DBACAC /* Api */,
				9F3A93DFEA56C1E7CB53C52D /* App */,
				0866BA895B443D970CD45E92 /* Auth */,
				604AED716B253F970FBDF6B4 /* Ble */,
				D1321D6C1021D7F3B19C5E1D /* Export */,
				8B92D5AF1819E6657C543711 /* Info.plist */,
				4C483E15044E54E34A5DE93D /* Ingest */,
				8FABF41D0B462F9E9ED5A0D6 /* Resources */,
				CF9E8DD3949821354A54641C /* Store */,
				350F983A542C7B0909038E7C /* Sync */,
				7987B06944BAA19A481382D7 /* UI */,
			);
			name = ReflexWhoop;
			path = ReflexWhoop;
			sourceTree = "<group>";
		};
		AB766E118B2BF8B0E5F1ADBC = {
			isa = PBXGroup;
			children = (
				7F510B4996E3F17CDFBF1FF0 /* Products */,
				E00EA4502D41CFA6905E7D6E /* Frameworks */,
				A04E24A85A4CE46ADAE274B3 /* ReflexWhoop */,
				E43CBA159F916EE4502778E4 /* ReflexWhoopTests */,
			);
			sourceTree = "<group>";
		};
		AD0C37D6F7601978F4F03822 /* Analysis */ = {
			isa = PBXGroup;
			children = (
				1272D2FBB359B1059950FE84 /* AnalysisEngine.swift */,
				79B9D36E317705C83C9B8DE7 /* AnalysisQueries.swift */,
				DDB0F90F66A32A29A66BE297 /* AnomalyEngine.swift */,
				4BA669D033F355E142F96A07 /* BaselineEngine.swift */,
				843D05550963B15BE74DF7C6 /* CorrelationEngine.swift */,
				20A7C0D2712909997F09ECC8 /* DailyMetricsBuilder.swift */,
				425AF76A394A3983F921212A /* ReadinessEngine.swift */,
				83B25E36B6FF7113D428FAE2 /* Stats.swift */,
			);
			name = Analysis;
			path = Analysis;
			sourceTree = "<group>";
		};
		B23137EAA0764110965FC98D /* Fixtures */ = {
			isa = PBXGroup;
			children = (
				F7768B04BCE74038E079CD9F /* body_measurement.json */,
				DC4E52385445BC526CBF7091 /* cycle_page.json */,
				905D133BE550F2E95369FB2A /* profile.json */,
				2A01E941D50BF900A964A34B /* recovery_page.json */,
				A6C17DAC8A41471F0CEBED63 /* sleep_page.json */,
				E39D659ECFCBCFEE5301A53B /* workout_page.json */,
			);
			name = Fixtures;
			path = Fixtures;
			sourceTree = "<group>";
		};
		BE0B877248F28EEDC9DBACAC /* Api */ = {
			isa = PBXGroup;
			children = (
				D1831DEDEE9E731E85602C3E /* Models */,
				C4240614B66F9C76A80B873E /* RateLimiter.swift */,
				05E0F595807FBBD0E12537A0 /* WhoopClient.swift */,
			);
			name = Api;
			path = Api;
			sourceTree = "<group>";
		};
		CF9E8DD3949821354A54641C /* Store */ = {
			isa = PBXGroup;
			children = (
				237F7E4787E6F5194CF238E2 /* DAO */,
				2C41C5768A0127CC6AA33BF2 /* Database.swift */,
				58A9E2A44E2677D4C0AE7169 /* Migrations */,
				8A4134001530271E63DEB0E4 /* TimeSeries */,
			);
			name = Store;
			path = Store;
			sourceTree = "<group>";
		};
		D1321D6C1021D7F3B19C5E1D /* Export */ = {
			isa = PBXGroup;
			children = (
			);
			name = Export;
			path = Export;
			sourceTree = "<group>";
		};
		D1831DEDEE9E731E85602C3E /* Models */ = {
			isa = PBXGroup;
			children = (
				D8383659DD856FEBEBC2A609 /* Common.swift */,
				5B6AFCC923FDF781CBCCF66A /* Cycle.swift */,
				5E0DD0E1043FCA055B4B5D5C /* Profile.swift */,
				7976405A2E806CFF40751FCA /* Recovery.swift */,
				6B48DF84773114CAAB8E5E83 /* Sleep.swift */,
				A2B74F615D7CFE227AFC5E06 /* Workout.swift */,
			);
			name = Models;
			path = Models;
			sourceTree = "<group>";
		};
		E00EA4502D41CFA6905E7D6E /* Frameworks */ = {
			isa = PBXGroup;
			children = (
				971C3228D9239301FDED36B7 /* iOS */,
			);
			name = Frameworks;
			sourceTree = "<group>";
		};
		E43CBA159F916EE4502778E4 /* ReflexWhoopTests */ = {
			isa = PBXGroup;
			children = (
				51C07EA58C16A2D0DA9825D5 /* ApiNormalizerTests.swift */,
				2E9070EF5FFFC7D112A5FCF5 /* ChunkCodecTests.swift */,
				1BE974D0DCA35B923C722BA2 /* ChunkStoreTests.swift */,
				8CF538051C6A68246D464FF0 /* CorrelationEngineTests.swift */,
				7C58869138825E6CD5153EEE /* DatabaseTests.swift */,
				B23137EAA0764110965FC98D /* Fixtures */,
				21FB78BEE7C85E826B4DE9B7 /* FramingTests.swift */,
				16DF8A5C606AA92201D07C36 /* OpcodeAllowlistTests.swift */,
				DFE32C8B3BE3350EDEDEF55F /* RateLimiterTests.swift */,
				0EAC090A53605FAD5BAF3126 /* RecordDAOTests.swift */,
				E520A21771F0BC5178E643B1 /* StatsTests.swift */,
				5B6EFE6BB59348D68BBAAC54 /* TestSupport.swift */,
				EC16B7A35336A4CF5532E876 /* TokenStoreTests.swift */,
			);
			name = ReflexWhoopTests;
			path = ReflexWhoopTests;
			sourceTree = "<group>";
		};
/* End PBXGroup section */

/* Begin PBXNativeTarget section */
		B65A1063AB1017EAB4B8F45B /* ReflexWhoopTests */ = {
			isa = PBXNativeTarget;
			buildConfigurationList = 086056202E35FB12010720DB /* Build configuration list for PBXNativeTarget "ReflexWhoopTests" */;
			buildPhases = (
				0C2580357CE34688C99F61C8 /* Sources */,
				B52AD3919A978F282E080D2D /* Frameworks */,
				E80796EB8AB9A7CA9A6E97FC /* Resources */,
			);
			buildRules = (
			);
			dependencies = (
				A3A4416EFFFC4C1331C0FC5C /* PBXTargetDependency */,
			);
			name = ReflexWhoopTests;
			packageProductDependencies = (
				70A45BCDE5F0F9C442B3AB61 /* GRDB */,
			);
			productName = ReflexWhoopTests;
			productReference = 718F2FE13C51EACE1C32006D /* ReflexWhoopTests.xctest */;
			productType = "com.apple.product-type.bundle.unit-test";
		};
		F7B9140A56B3A9973B5343F3 /* ReflexWhoop */ = {
			isa = PBXNativeTarget;
			buildConfigurationList = 9B87FFF1F4E4780CF9E5442B /* Build configuration list for PBXNativeTarget "ReflexWhoop" */;
			buildPhases = (
				CD191A48E4724044B8AF4957 /* Sources */,
				EE984A2819C852EFA1CA50EE /* Frameworks */,
				DA55DBEE24FF798791280E40 /* Resources */,
			);
			buildRules = (
			);
			dependencies = (
			);
			name = ReflexWhoop;
			packageProductDependencies = (
				E596EC5F591401E0C9D8D7C1 /* GRDB */,
			);
			productName = ReflexWhoop;
			productReference = 5FA6D7533757F8728DD1B5DB /* ReflexWhoop.app */;
			productType = "com.apple.product-type.application";
		};
/* End PBXNativeTarget section */

/* Begin PBXProject section */
		9C0AB3D02B52D9033697ED12 /* Project object */ = {
			isa = PBXProject;
			attributes = {
				LastSwiftUpdateCheck = 1600;
				LastUpgradeCheck = 1600;
			};
			buildConfigurationList = E2481829BC7C8C6E084866AA /* Build configuration list for PBXProject "ReflexWhoop" */;
			compatibilityVersion = "Xcode 3.2";
			developmentRegion = en;
			hasScannedForEncodings = 0;
			knownRegions = (
				en,
				Base,
			);
			mainGroup = AB766E118B2BF8B0E5F1ADBC;
			minimizedProjectReferenceProxies = 0;
			packageReferences = (
				0D43EE853C1E9FB90CACF03A /* XCRemoteSwiftPackageReference "GRDB.swift" */,
			);
			preferredProjectObjectVersion = 100;
			productRefGroup = 7F510B4996E3F17CDFBF1FF0 /* Products */;
			projectDirPath = "";
			projectRoot = "";
			targets = (
				F7B9140A56B3A9973B5343F3 /* ReflexWhoop */,
				B65A1063AB1017EAB4B8F45B /* ReflexWhoopTests */,
			);
		};
/* End PBXProject section */

/* Begin PBXResourcesBuildPhase section */
		DA55DBEE24FF798791280E40 /* Resources */ = {
			isa = PBXResourcesBuildPhase;
			buildActionMask = 2147483647;
			files = (
				5033F99F1B603F58D517777F /* Assets.xcassets in Resources */,
			);
			runOnlyForDeploymentPostprocessing = 0;
		};
		E80796EB8AB9A7CA9A6E97FC /* Resources */ = {
			isa = PBXResourcesBuildPhase;
			buildActionMask = 2147483647;
			files = (
				8A027342D417D3663DBE2259 /* body_measurement.json in Resources */,
				C527493D1EAB9E5AC98B5703 /* cycle_page.json in Resources */,
				FFBCF82E46D445BEDEFB9A3F /* profile.json in Resources */,
				196AF2E96BB57F9BC725F4D4 /* recovery_page.json in Resources */,
				E9FB3505B8B9593811F6E7EF /* sleep_page.json in Resources */,
				838E05C68144862F0CCE03F6 /* workout_page.json in Resources */,
			);
			runOnlyForDeploymentPostprocessing = 0;
		};
/* End PBXResourcesBuildPhase section */

/* Begin PBXSourcesBuildPhase section */
		0C2580357CE34688C99F61C8 /* Sources */ = {
			isa = PBXSourcesBuildPhase;
			buildActionMask = 2147483647;
			files = (
				CC200282A9446BC646312650 /* ApiNormalizerTests.swift in Sources */,
				53CD8884F76919816014B85E /* ChunkCodecTests.swift in Sources */,
				0455AE6C2E6D19B71C9C143E /* ChunkStoreTests.swift in Sources */,
				AEE687FFFDD131DFC18DEE1C /* CorrelationEngineTests.swift in Sources */,
				BFBCD392EF77AD1540B355AC /* DatabaseTests.swift in Sources */,
				84FBEEF75F164E23430E996B /* FramingTests.swift in Sources */,
				BD6AE337E823226127F24BEE /* OpcodeAllowlistTests.swift in Sources */,
				81B31EDECE266B42BE9B5E43 /* RateLimiterTests.swift in Sources */,
				69670F28734CF366EF8B2737 /* RecordDAOTests.swift in Sources */,
				ABC6FA137F5D2568F23174D9 /* StatsTests.swift in Sources */,
				6F2FF383E4B4B261BC198F16 /* TestSupport.swift in Sources */,
				4D2A3A1A79E1DFCE988AF753 /* TokenStoreTests.swift in Sources */,
			);
			runOnlyForDeploymentPostprocessing = 0;
		};
		CD191A48E4724044B8AF4957 /* Sources */ = {
			isa = PBXSourcesBuildPhase;
			buildActionMask = 2147483647;
			files = (
				AEB83E5722A241E6A2C35F28 /* AnalysisEngine.swift in Sources */,
				72A35A618E8345F398160FE6 /* AnalysisQueries.swift in Sources */,
				9ABBF4D71A0C128134EB9E37 /* AnomalyEngine.swift in Sources */,
				A6FBAA0E47BC2E688DB8BF48 /* BaselineEngine.swift in Sources */,
				E43639C8B0275D30ECAD0966 /* CorrelationEngine.swift in Sources */,
				D89B931AB4B9C76FFF933ADA /* DailyMetricsBuilder.swift in Sources */,
				7472FB1D5D30F61685282B3C /* ReadinessEngine.swift in Sources */,
				8E76443039555476967A7CBF /* Stats.swift in Sources */,
				E4536F9BAB554B24493A3F95 /* Common.swift in Sources */,
				F2B4D43F9D0E736E5DDF4A30 /* Cycle.swift in Sources */,
				8C15337C4AA4DCD6252693D2 /* Profile.swift in Sources */,
				1091B7861A52B6757D60CAAE /* Recovery.swift in Sources */,
				16F21A91B0FF82F98AC8B2FB /* Sleep.swift in Sources */,
				C6C280624FCF2CC161AFA27D /* Workout.swift in Sources */,
				8C37C0A4837033B533202B09 /* RateLimiter.swift in Sources */,
				720BE518B4C67D91413A24DE /* WhoopClient.swift in Sources */,
				7B4759D431960F0C2F3B2990 /* AppContainer.swift in Sources */,
				9500BA389468C90A92045176 /* ReflexWhoopApp.swift in Sources */,
				0C6325A8A19CE8A955A6D0FF /* KeychainStore.swift in Sources */,
				0C1325426126A0D06C16AF77 /* OAuthConfig.swift in Sources */,
				AAB070F59B85BDBDD59F2B14 /* TokenStore.swift in Sources */,
				8F396312BCCE141FE7123E57 /* WhoopAuth.swift in Sources */,
				8FB35DB5F47DE699FF02F597 /* BandConnection.swift in Sources */,
				D8DDE686B2A5212334188DE7 /* BleConstants.swift in Sources */,
				200F1D3E81FDE0BB7D21973D /* Framing.swift in Sources */,
				936AC21D9AC7BF3713AF3F6E /* OpcodeAllowlist.swift in Sources */,
				263FFBE05C226643AD4FA5DC /* SpikeRecorder.swift in Sources */,
				2031718B14A0EB519F499384 /* ApiNormalizer.swift in Sources */,
				E4C6B73AF3975642D76CF720 /* ContentHash.swift in Sources */,
				F1946931F68DC9FC5E89FBF4 /* IngestInbox.swift in Sources */,
				62FFDA6E8DB6644CF67F7415 /* RecordDAO.swift in Sources */,
				2462FC3BF71B341D7A083C16 /* Database.swift in Sources */,
				38421D41063B332110107032 /* Migrator.swift in Sources */,
				AAF2A53F725B8608E4596753 /* ChunkCodec.swift in Sources */,
				F777283A5D591FCD29A20FB5 /* ChunkStore.swift in Sources */,
				EC4CC3CFCF0A9A8E40C8F72F /* Data+Compression.swift in Sources */,
				A031F0054D3F209E8993F2BC /* ApiSyncEngine.swift in Sources */,
				7C7B4C6FFC50027555966A36 /* BackgroundSync.swift in Sources */,
				1311762B69085C296293952A /* SyncPolicy.swift in Sources */,
				1E6BE0502817E0FA44F3FADB /* DataView.swift in Sources */,
				A516C095CDE78ED6EB2ED640 /* InsightsView.swift in Sources */,
				16FA098E89DE74B33335A355 /* LiveView.swift in Sources */,
				E5DAC5FC413F778EAE76E5FD /* RootView.swift in Sources */,
				350D4DDFDE4AF33BFFBB2D8C /* SettingsView.swift in Sources */,
				562509A33B3DD1FCC0BE89F2 /* TodayView.swift in Sources */,
				65EB8B3048A739BD94272DB0 /* TrendsView.swift in Sources */,
			);
			runOnlyForDeploymentPostprocessing = 0;
		};
/* End PBXSourcesBuildPhase section */

/* Begin PBXTargetDependency section */
		A3A4416EFFFC4C1331C0FC5C /* PBXTargetDependency */ = {
			isa = PBXTargetDependency;
			name = ReflexWhoop;
			target = F7B9140A56B3A9973B5343F3 /* ReflexWhoop */;
			targetProxy = 28336E745F4CA01E06C77742 /* PBXContainerItemProxy */;
		};
/* End PBXTargetDependency section */

/* Begin XCBuildConfiguration section */
		3F249D1B70DB67A497C70E38 /* Debug */ = {
			isa = XCBuildConfiguration;
			buildSettings = {
				ASSETCATALOG_COMPILER_APPICON_NAME = AppIcon;
				ASSETCATALOG_COMPILER_GLOBAL_ACCENT_COLOR_NAME = AccentColor;
				CLANG_ENABLE_OBJC_WEAK = NO;
				CODE_SIGN_STYLE = Automatic;
				DEVELOPMENT_ASSET_PATHS = "";
				ENABLE_HARDENED_RUNTIME = NO;
				GENERATE_INFOPLIST_FILE = NO;
				INFOPLIST_FILE = ReflexWhoop/Info.plist;
				IPHONEOS_DEPLOYMENT_TARGET = 17.0;
				LD_RUNPATH_SEARCH_PATHS = "$(inherited) @executable_path/Frameworks";
				PRODUCT_BUNDLE_IDENTIFIER = com.reflexwhoop.app;
				PRODUCT_NAME = ReflexWhoop;
				SDKROOT = iphoneos;
				SWIFT_EMIT_LOC_STRINGS = YES;
				TARGETED_DEVICE_FAMILY = "1,2";
			};
			name = Debug;
		};
		7EE5EC03898BDD941B6700A9 /* Debug */ = {
			isa = XCBuildConfiguration;
			buildSettings = {
				ALWAYS_SEARCH_USER_PATHS = NO;
				CLANG_ANALYZER_NONNULL = YES;
				CLANG_ANALYZER_NUMBER_OBJECT_CONVERSION = YES_AGGRESSIVE;
				CLANG_CXX_LANGUAGE_STANDARD = "gnu++14";
				CLANG_CXX_LIBRARY = "libc++";
				CLANG_ENABLE_MODULES = YES;
				CLANG_ENABLE_OBJC_ARC = YES;
				CLANG_ENABLE_OBJC_WEAK = YES;
				CLANG_WARN_BLOCK_CAPTURE_AUTORELEASING = YES;
				CLANG_WARN_BOOL_CONVERSION = YES;
				CLANG_WARN_COMMA = YES;
				CLANG_WARN_CONSTANT_CONVERSION = YES;
				CLANG_WARN_DEPRECATED_OBJC_IMPLEMENTATIONS = YES;
				CLANG_WARN_DIRECT_OBJC_ISA_USAGE = YES_ERROR;
				CLANG_WARN_DOCUMENTATION_COMMENTS = YES;
				CLANG_WARN_EMPTY_BODY = YES;
				CLANG_WARN_ENUM_CONVERSION = YES;
				CLANG_WARN_INFINITE_RECURSION = YES;
				CLANG_WARN_INT_CONVERSION = YES;
				CLANG_WARN_NON_LITERAL_NULL_CONVERSION = YES;
				CLANG_WARN_OBJC_IMPLICIT_RETAIN_SELF = YES;
				CLANG_WARN_OBJC_LITERAL_CONVERSION = YES;
				CLANG_WARN_OBJC_ROOT_CLASS = YES_ERROR;
				CLANG_WARN_QUOTED_INCLUDE_IN_FRAMEWORK_HEADER = YES;
				CLANG_WARN_RANGE_LOOP_ANALYSIS = YES;
				CLANG_WARN_STRICT_PROTOTYPES = YES;
				CLANG_WARN_SUSPICIOUS_MOVE = YES;
				CLANG_WARN_UNGUARDED_AVAILABILITY = YES_AGGRESSIVE;
				CLANG_WARN_UNREACHABLE_CODE = YES;
				CLANG_WARN__DUPLICATE_METHOD_MATCH = YES;
				CODE_SIGN_STYLE = Automatic;
				COPY_PHASE_STRIP = NO;
				DEBUG_INFORMATION_FORMAT = dwarf;
				DEVELOPMENT_TEAM = YOUR_TEAM_ID;
				ENABLE_PREVIEWS = YES;
				ENABLE_STRICT_OBJC_MSGSEND = YES;
				ENABLE_TESTABILITY = YES;
				GCC_C_LANGUAGE_STANDARD = gnu11;
				GCC_DYNAMIC_NO_PIC = NO;
				GCC_NO_COMMON_BLOCKS = YES;
				GCC_OPTIMIZATION_LEVEL = 0;
				GCC_PREPROCESSOR_DEFINITIONS = (
					"DEBUG=1",
					"$(inherited)",
				);
				GCC_WARN_64_TO_32_BIT_CONVERSION = YES;
				GCC_WARN_ABOUT_RETURN_TYPE = YES_ERROR;
				GCC_WARN_UNDECLARED_SELECTOR = YES;
				GCC_WARN_UNINITIALIZED_AUTOS = YES_AGGRESSIVE;
				GCC_WARN_UNUSED_FUNCTION = YES;
				GCC_WARN_UNUSED_VARIABLE = YES;
				IPHONEOS_DEPLOYMENT_TARGET = 17.0;
				MTL_ENABLE_DEBUG_INFO = INCLUDE_SOURCE;
				MTL_FAST_MATH = YES;
				ONLY_ACTIVE_ARCH = YES;
				PRODUCT_NAME = "$(TARGET_NAME)";
				SWIFT_ACTIVE_COMPILATION_CONDITIONS = DEBUG;
				SWIFT_OPTIMIZATION_LEVEL = "-Onone";
				SWIFT_VERSION = 5.0;
				TARGETED_DEVICE_FAMILY = 1;
			};
			name = Debug;
		};
		883B173E645B9445FD63859C /* Release */ = {
			isa = XCBuildConfiguration;
			buildSettings = {
				BUNDLE_LOADER = "$(TEST_HOST)";
				CLANG_ENABLE_OBJC_WEAK = NO;
				CODE_SIGN_STYLE = Automatic;
				GENERATE_INFOPLIST_FILE = YES;
				IPHONEOS_DEPLOYMENT_TARGET = 17.0;
				PRODUCT_BUNDLE_IDENTIFIER = com.reflexwhoop.app.tests;
				PRODUCT_NAME = ReflexWhoopTests;
				SDKROOT = iphoneos;
				TEST_HOST = "$(BUILT_PRODUCTS_DIR)/ReflexWhoop.app/ReflexWhoop";
				VALIDATE_PRODUCT = YES;
			};
			name = Release;
		};
		9E9A5ACB9424AAD55611FB98 /* Debug */ = {
			isa = XCBuildConfiguration;
			buildSettings = {
				BUNDLE_LOADER = "$(TEST_HOST)";
				CLANG_ENABLE_OBJC_WEAK = NO;
				CODE_SIGN_STYLE = Automatic;
				GENERATE_INFOPLIST_FILE = YES;
				IPHONEOS_DEPLOYMENT_TARGET = 17.0;
				PRODUCT_BUNDLE_IDENTIFIER = com.reflexwhoop.app.tests;
				PRODUCT_NAME = ReflexWhoopTests;
				SDKROOT = iphoneos;
				TEST_HOST = "$(BUILT_PRODUCTS_DIR)/ReflexWhoop.app/ReflexWhoop";
			};
			name = Debug;
		};
		BCA4C195F7BC5E7884FD5019 /* Release */ = {
			isa = XCBuildConfiguration;
			buildSettings = {
				ASSETCATALOG_COMPILER_APPICON_NAME = AppIcon;
				ASSETCATALOG_COMPILER_GLOBAL_ACCENT_COLOR_NAME = AccentColor;
				CLANG_ENABLE_OBJC_WEAK = NO;
				CODE_SIGN_STYLE = Automatic;
				DEVELOPMENT_ASSET_PATHS = "";
				ENABLE_HARDENED_RUNTIME = NO;
				GENERATE_INFOPLIST_FILE = NO;
				INFOPLIST_FILE = ReflexWhoop/Info.plist;
				IPHONEOS_DEPLOYMENT_TARGET = 17.0;
				LD_RUNPATH_SEARCH_PATHS = "$(inherited) @executable_path/Frameworks";
				PRODUCT_BUNDLE_IDENTIFIER = com.reflexwhoop.app;
				PRODUCT_NAME = ReflexWhoop;
				SDKROOT = iphoneos;
				SWIFT_EMIT_LOC_STRINGS = YES;
				TARGETED_DEVICE_FAMILY = "1,2";
				VALIDATE_PRODUCT = YES;
			};
			name = Release;
		};
		F29B5BFEAF78B4B59588A19F /* Release */ = {
			isa = XCBuildConfiguration;
			buildSettings = {
				ALWAYS_SEARCH_USER_PATHS = NO;
				CLANG_ANALYZER_NONNULL = YES;
				CLANG_ANALYZER_NUMBER_OBJECT_CONVERSION = YES_AGGRESSIVE;
				CLANG_CXX_LANGUAGE_STANDARD = "gnu++14";
				CLANG_CXX_LIBRARY = "libc++";
				CLANG_ENABLE_MODULES = YES;
				CLANG_ENABLE_OBJC_ARC = YES;
				CLANG_ENABLE_OBJC_WEAK = YES;
				CLANG_WARN_BLOCK_CAPTURE_AUTORELEASING = YES;
				CLANG_WARN_BOOL_CONVERSION = YES;
				CLANG_WARN_COMMA = YES;
				CLANG_WARN_CONSTANT_CONVERSION = YES;
				CLANG_WARN_DEPRECATED_OBJC_IMPLEMENTATIONS = YES;
				CLANG_WARN_DIRECT_OBJC_ISA_USAGE = YES_ERROR;
				CLANG_WARN_DOCUMENTATION_COMMENTS = YES;
				CLANG_WARN_EMPTY_BODY = YES;
				CLANG_WARN_ENUM_CONVERSION = YES;
				CLANG_WARN_INFINITE_RECURSION = YES;
				CLANG_WARN_INT_CONVERSION = YES;
				CLANG_WARN_NON_LITERAL_NULL_CONVERSION = YES;
				CLANG_WARN_OBJC_IMPLICIT_RETAIN_SELF = YES;
				CLANG_WARN_OBJC_LITERAL_CONVERSION = YES;
				CLANG_WARN_OBJC_ROOT_CLASS = YES_ERROR;
				CLANG_WARN_QUOTED_INCLUDE_IN_FRAMEWORK_HEADER = YES;
				CLANG_WARN_RANGE_LOOP_ANALYSIS = YES;
				CLANG_WARN_STRICT_PROTOTYPES = YES;
				CLANG_WARN_SUSPICIOUS_MOVE = YES;
				CLANG_WARN_UNGUARDED_AVAILABILITY = YES_AGGRESSIVE;
				CLANG_WARN_UNREACHABLE_CODE = YES;
				CLANG_WARN__DUPLICATE_METHOD_MATCH = YES;
				CODE_SIGN_STYLE = Automatic;
				COPY_PHASE_STRIP = NO;
				DEBUG_INFORMATION_FORMAT = "dwarf-with-dsym";
				DEVELOPMENT_TEAM = YOUR_TEAM_ID;
				ENABLE_NS_ASSERTIONS = NO;
				ENABLE_PREVIEWS = YES;
				ENABLE_STRICT_OBJC_MSGSEND = YES;
				GCC_C_LANGUAGE_STANDARD = gnu11;
				GCC_NO_COMMON_BLOCKS = YES;
				GCC_WARN_64_TO_32_BIT_CONVERSION = YES;
				GCC_WARN_ABOUT_RETURN_TYPE = YES_ERROR;
				GCC_WARN_UNDECLARED_SELECTOR = YES;
				GCC_WARN_UNINITIALIZED_AUTOS = YES_AGGRESSIVE;
				GCC_WARN_UNUSED_FUNCTION = YES;
				GCC_WARN_UNUSED_VARIABLE = YES;
				IPHONEOS_DEPLOYMENT_TARGET = 17.0;
				MTL_ENABLE_DEBUG_INFO = NO;
				MTL_FAST_MATH = YES;
				PRODUCT_NAME = "$(TARGET_NAME)";
				SWIFT_COMPILATION_MODE = wholemodule;
				SWIFT_OPTIMIZATION_LEVEL = "-O";
				SWIFT_VERSION = 5.0;
				TARGETED_DEVICE_FAMILY = 1;
			};
			name = Release;
		};
/* End XCBuildConfiguration section */

/* Begin XCConfigurationList section */
		086056202E35FB12010720DB /* Build configuration list for PBXNativeTarget "ReflexWhoopTests" */ = {
			isa = XCConfigurationList;
			buildConfigurations = (
				883B173E645B9445FD63859C /* Release */,
				9E9A5ACB9424AAD55611FB98 /* Debug */,
			);
			defaultConfigurationIsVisible = 0;
			defaultConfigurationName = Release;
		};
		9B87FFF1F4E4780CF9E5442B /* Build configuration list for PBXNativeTarget "ReflexWhoop" */ = {
			isa = XCConfigurationList;
			buildConfigurations = (
				BCA4C195F7BC5E7884FD5019 /* Release */,
				3F249D1B70DB67A497C70E38 /* Debug */,
			);
			defaultConfigurationIsVisible = 0;
			defaultConfigurationName = Release;
		};
		E2481829BC7C8C6E084866AA /* Build configuration list for PBXProject "ReflexWhoop" */ = {
			isa = XCConfigurationList;
			buildConfigurations = (
				7EE5EC03898BDD941B6700A9 /* Debug */,
				F29B5BFEAF78B4B59588A19F /* Release */,
			);
			defaultConfigurationIsVisible = 0;
			defaultConfigurationName = Release;
		};
/* End XCConfigurationList section */

/* Begin XCRemoteSwiftPackageReference section */
		0D43EE853C1E9FB90CACF03A /* XCRemoteSwiftPackageReference "GRDB.swift" */ = {
			isa = XCRemoteSwiftPackageReference;
			repositoryURL = "https://github.com/groue/GRDB.swift.git";
			requirement = {
				kind = upToNextMajorVersion;
				minimumVersion = 6.0.0;
			};
		};
/* End XCRemoteSwiftPackageReference section */

/* Begin XCSwiftPackageProductDependency section */
		70A45BCDE5F0F9C442B3AB61 /* GRDB */ = {
			isa = XCSwiftPackageProductDependency;
			package = 0D43EE853C1E9FB90CACF03A /* XCRemoteSwiftPackageReference "GRDB.swift" */;
			productName = GRDB;
		};
		E596EC5F591401E0C9D8D7C1 /* GRDB */ = {
			isa = XCSwiftPackageProductDependency;
			package = 0D43EE853C1E9FB90CACF03A /* XCRemoteSwiftPackageReference "GRDB.swift" */;
			productName = GRDB;
		};
/* End XCSwiftPackageProductDependency section */
	};
	rootObject = 9C0AB3D02B52D9033697ED12 /* Project object */;
}
